// !$*UTF8*$!
{
	archiveVersion = 1;
	classes = {
	};
	objectVersion = 55;
	objects = {

/* Begin PBXBuildFile section */
		FE49393C280564EB0035820F /* AppDelegate.swift in Sources */ = {isa = PBXBuildFile; fileRef = FE49393B280564EB0035820F /* AppDelegate.swift */; };
		FE49393E280564EB0035820F /* SceneDelegate.swift in Sources */ = {isa = PBXBuildFile; fileRef = FE49393D280564EB0035820F /* SceneDelegate.swift */; };
		FE493940280564EB0035820F /* ViewController.swift in Sources */ = {isa = PBXBuildFile; fileRef = FE49393F280564EB0035820F /* ViewController.swift */; };
		FE493945280564EC0035820F /* Assets.xcassets in Resources */ = {isa = PBXBuildFile; fileRef = FE493944280564EC0035820F /* Assets.xcassets */; };
		FE493948280564EC0035820F /* LaunchScreen.storyboard in Resources */ = {isa = PBXBuildFile; fileRef = FE493946280564EC0035820F /* LaunchScreen.storyboard */; };
		FE493951280565370035820F /* RxCocoa in Frameworks */ = {isa = PBXBuildFile; productRef = FE493950280565370035820F /* RxCocoa */; };
		FE493953280565370035820F /* RxRelay in Frameworks */ = {isa = PBXBuildFile; productRef = FE493952280565370035820F /* RxRelay */; };
		FE493955280565370035820F /* RxSwift in Frameworks */ = {isa = PBXBuildFile; productRef = FE493954280565370035820F /* RxSwift */; };
		FE4939582805654D0035820F /* SnapKit in Frameworks */ = {isa = PBXBuildFile; productRef = FE4939572805654D0035820F /* SnapKit */; };
		FE49395A28057F9E0035820F /* CustomTitleView.swift in Sources */ = {isa = PBXBuildFile; fileRef = FE49395928057F9E0035820F /* CustomTitleView.swift */; };
		FE49395C280583C30035820F /* MagnetBarView.swift in Sources */ = {isa = PBXBuildFile; fileRef = FE49395B280583C30035820F /* MagnetBarView.swift */; };
		FE49395F280585610035820F /* RxDataSources in Frameworks */ = {isa = PBXBuildFile; productRef = FE49395E280585610035820F /* RxDataSources */; };
		FE5231F82807AC4600200F02 /* PresentHelper.swift in Sources */ = {isa = PBXBuildFile; fileRef = FE5231F72807AC4600200F02 /* PresentHelper.swift */; };
		FE5231FB2807CBD900200F02 /* MagnetHeaderView.swift in Sources */ = {isa = PBXBuildFile; fileRef = FE5231FA2807CBD900200F02 /* MagnetHeaderView.swift */; };
		FE5231FD2807CE1100200F02 /* MagnetHeaderViewModel.swift in Sources */ = {isa = PBXBuildFile; fileRef = FE5231FC2807CE1100200F02 /* MagnetHeaderViewModel.swift */; };
		FE5232002807CE4F00200F02 /* MagnetBarViewModel.swift in Sources */ = {isa = PBXBuildFile; fileRef = FE5231FF2807CE4F00200F02 /* MagnetBarViewModel.swift */; };
		FE5232022807D48500200F02 /* MagnetNavigationBar.swift in Sources */ = {isa = PBXBuildFile; fileRef = FE5232012807D48500200F02 /* MagnetNavigationBar.swift */; };
		FE5232042807D4CB00200F02 /* MagnetNavigationBarViewModel.swift in Sources */ = {isa = PBXBuildFile; fileRef = FE5232032807D4CB00200F02 /* MagnetNavigationBarViewModel.swift */; };
		FE7077BD2806FB73006F7980 /* TestCell.swift in Sources */ = {isa = PBXBuildFile; fileRef = FE7077BC2806FB73006F7980 /* TestCell.swift */; };
		FE7077BF2806FF02006F7980 /* RxStaticSectionData.swift in Sources */ = {isa = PBXBuildFile; fileRef = FE7077BE2806FF02006F7980 /* RxStaticSectionData.swift */; };
		FE7077C22806FF99006F7980 /* Reusable in Frameworks */ = {isa = PBXBuildFile; productRef = FE7077C12806FF99006F7980 /* Reusable */; };
		FE7077C6280702AB006F7980 /* SimpleTableView.swift in Sources */ = {isa = PBXBuildFile; fileRef = FE7077C5280702AB006F7980 /* SimpleTableView.swift */; };
/* End PBXBuildFile section */

/* Begin PBXFileReference section */
		FE493938280564EB0035820F /* MagnetBarView.app */ = {isa = PBXFileReference; explicitFileType = wrapper.application; includeInIndex = 0; path = MagnetBarView.app; sourceTree = BUILT_PRODUCTS_DIR; };
		FE49393B280564EB0035820F /* AppDelegate.swift */ = {isa = PBXFileReference; lastKnownFileType = sourcecode.swift; path = AppDelegate.swift; sourceTree = "<group>"; };
		FE49393D280564EB0035820F /* SceneDelegate.swift */ = {isa = PBXFileReference; lastKnownFileType = sourcecode.swift; path = SceneDelegate.swift; sourceTree = "<group>"; };
		FE49393F280564EB0035820F /* ViewController.swift */ = {isa = PBXFileReference; lastKnownFileType = sourcecode.swift; path = ViewController.swift; sourceTree = "<group>"; };
		FE493944280564EC0035820F /* Assets.xcassets */ = {isa = PBXFileReference; lastKnownFileType = folder.assetcatalog; path = Assets.xcassets; sourceTree = "<group>"; };
		FE493947280564EC0035820F /* Base */ = {isa = PBXFileReference; lastKnownFileType = file.storyboard; name = Base; path = Base.lproj/LaunchScreen.storyboard; sourceTree = "<group>"; };
		FE493949280564EC0035820F /* Info.plist */ = {isa = PBXFileReference; lastKnownFileType = text.plist.xml; path = Info.plist; sourceTree = "<group>"; };
		FE49395928057F9E0035820F /* CustomTitleView.swift */ = {isa = PBXFileReference; lastKnownFileType = sourcecode.swift; path = CustomTitleView.swift; sourceTree = "<group>"; };
		FE49395B280583C30035820F /* MagnetBarView.swift */ = {isa = PBXFileReference; lastKnownFileType = sourcecode.swift; path = MagnetBarView.swift; sourceTree = "<group>"; };
		FE5231F72807AC4600200F02 /* PresentHelper.swift */ = {isa = PBXFileReference; lastKnownFileType = sourcecode.swift; path = PresentHelper.swift; sourceTree = "<group>"; };
		FE5231FA2807CBD900200F02 /* MagnetHeaderView.swift */ = {isa = PBXFileReference; lastKnownFileType = sourcecode.swift; path = MagnetHeaderView.swift; sourceTree = "<group>"; };
		FE5231FC2807CE1100200F02 /* MagnetHeaderViewModel.swift */ = {isa = PBXFileReference; lastKnownFileType = sourcecode.swift; path = MagnetHeaderViewModel.swift; sourceTree = "<group>"; };
		FE5231FF2807CE4F00200F02 /* MagnetBarViewModel.swift */ = {isa = PBXFileReference; lastKnownFileType = sourcecode.swift; path = MagnetBarViewModel.swift; sourceTree = "<group>"; };
		FE5232012807D48500200F02 /* MagnetNavigationBar.swift */ = {isa = PBXFileReference; lastKnownFileType = sourcecode.swift; path = MagnetNavigationBar.swift; sourceTree = "<group>"; };
		FE5232032807D4CB00200F02 /* MagnetNavigationBarViewModel.swift */ = {isa = PBXFileReference; lastKnownFileType = sourcecode.swift; path = MagnetNavigationBarViewModel.swift; sourceTree = "<group>"; };
		FE7077BC2806FB73006F7980 /* TestCell.swift */ = {isa = PBXFileReference; lastKnownFileType = sourcecode.swift; path = TestCell.swift; sourceTree = "<group>"; };
		FE7077BE2806FF02006F7980 /* RxStaticSectionData.swift */ = {isa = PBXFileReference; lastKnownFileType = sourcecode.swift; path = RxStaticSectionData.swift; sourceTree = "<group>"; };
		FE7077C5280702AB006F7980 /* SimpleTableView.swift */ = {isa = PBXFileReference; lastKnownFileType = sourcecode.swift; path = SimpleTableView.swift; sourceTree = "<group>"; };
/* End PBXFileReference section */

/* Begin PBXFrameworksBuildPhase section */
		FE493935280564EB0035820F /* Frameworks */ = {
			isa = PBXFrameworksBuildPhase;
			buildActionMask = 2147483647;
			files = (
				FE493955280565370035820F /* RxSwift in Frameworks */,
				FE4939582805654D0035820F /* SnapKit in Frameworks */,
				FE493953280565370035820F /* RxRelay in Frameworks */,
				FE49395F280585610035820F /* RxDataSources in Frameworks */,
				FE493951280565370035820F /* RxCocoa in Frameworks */,
				FE7077C22806FF99006F7980 /* Reusable in Frameworks */,
			);
			runOnlyForDeploymentPostprocessing = 0;
		};
/* End PBXFrameworksBuildPhase section */

/* Begin PBXGroup section */
		FE49392F280564EB0035820F = {
			isa = PBXGroup;
			children = (
				FE49393A280564EB0035820F /* MagnetBarView */,
				FE493939280564EB0035820F /* Products */,
			);
			sourceTree = "<group>";
		};
		FE493939280564EB0035820F /* Products */ = {
			isa = PBXGroup;
			children = (
				FE493938280564EB0035820F /* MagnetBarView.app */,
			);
			name = Products;
			sourceTree = "<group>";
		};
		FE49393A280564EB0035820F /* MagnetBarView */ = {
			isa = PBXGroup;
			children = (
				FE7077C4280702A1006F7980 /* TestZone */,
				FE49393B280564EB0035820F /* AppDelegate.swift */,
				FE49393D280564EB0035820F /* SceneDelegate.swift */,
				FE49393F280564EB0035820F /* ViewController.swift */,
				FE493944280564EC0035820F /* Assets.xcassets */,
				FE493946280564EC0035820F /* LaunchScreen.storyboard */,
				FE493949280564EC0035820F /* Info.plist */,
				FE49395928057F9E0035820F /* CustomTitleView.swift */,
				FE7077C32807028E006F7980 /* MagnetBarView */,
				FE5231F72807AC4600200F02 /* PresentHelper.swift */,
			);
			path = MagnetBarView;
			sourceTree = "<group>";
		};
		FE5231F92807CBBE00200F02 /* SubComponent */ = {
			isa = PBXGroup;
			children = (
				FE5232062807E10C00200F02 /* MainHeader */,
				FE5232052807E0FA00200F02 /* NavigationBar */,
			);
			path = SubComponent;
			sourceTree = "<group>";
		};
		FE5231FE2807CE4000200F02 /* Present */ = {
			isa = PBXGroup;
			children = (
				FE49395B280583C30035820F /* MagnetBarView.swift */,
				FE5231FF2807CE4F00200F02 /* MagnetBarViewModel.swift */,
				FE5231F92807CBBE00200F02 /* SubComponent */,
			);
			path = Present;
			sourceTree = "<group>";
		};
		FE5232052807E0FA00200F02 /* NavigationBar */ = {
			isa = PBXGroup;
			children = (
				FE5232012807D48500200F02 /* MagnetNavigationBar.swift */,
				FE5232032807D4CB00200F02 /* MagnetNavigationBarViewModel.swift */,
			);
			path = NavigationBar;
			sourceTree = "<group>";
		};
		FE5232062807E10C00200F02 /* MainHeader */ = {
			isa = PBXGroup;
			children = (
				FE5231FA2807CBD900200F02 /* MagnetHeaderView.swift */,
				FE5231FC2807CE1100200F02 /* MagnetHeaderViewModel.swift */,
			);
			path = MainHeader;
			sourceTree = "<group>";
		};
		FE7077C32807028E006F7980 /* MagnetBarView */ = {
			isa = PBXGroup;
			children = (
				FE5231FE2807CE4000200F02 /* Present */,
				FE7077BC2806FB73006F7980 /* TestCell.swift */,
				FE7077BE2806FF02006F7980 /* RxStaticSectionData.swift */,
			);
			path = MagnetBarView;
			sourceTree = "<group>";
		};
		FE7077C4280702A1006F7980 /* TestZone */ = {
			isa = PBXGroup;
			children = (
				FE7077C5280702AB006F7980 /* SimpleTableView.swift */,
			);
			path = TestZone;
			sourceTree = "<group>";
		};
/* End PBXGroup section */

/* Begin PBXNativeTarget section */
		FE493937280564EB0035820F /* MagnetBarView */ = {
			isa = PBXNativeTarget;
			buildConfigurationList = FE49394C280564EC0035820F /* Build configuration list for PBXNativeTarget "MagnetBarView" */;
			buildPhases = (
				FE493934280564EB0035820F /* Sources */,
				FE493935280564EB0035820F /* Frameworks */,
				FE493936280564EB0035820F /* Resources */,
			);
			buildRules = (
			);
			dependencies = (
			);
			name = MagnetBarView;
			packageProductDependencies = (
				FE493950280565370035820F /* RxCocoa */,
				FE493952280565370035820F /* RxRelay */,
				FE493954280565370035820F /* RxSwift */,
				FE4939572805654D0035820F /* SnapKit */,
				FE49395E280585610035820F /* RxDataSources */,
				FE7077C12806FF99006F7980 /* Reusable */,
			);
			productName = MagnetBarView;
			productReference = FE493938280564EB0035820F /* MagnetBarView.app */;
			productType = "com.apple.product-type.application";
		};
/* End PBXNativeTarget section */

/* Begin PBXProject section */
		FE493930280564EB0035820F /* Project object */ = {
			isa = PBXProject;
			attributes = {
				BuildIndependentTargetsInParallel = 1;
				LastSwiftUpdateCheck = 1330;
				LastUpgradeCheck = 1330;
				TargetAttributes = {
					FE493937280564EB0035820F = {
						CreatedOnToolsVersion = 13.3;
					};
				};
			};
			buildConfigurationList = FE493933280564EB0035820F /* Build configuration list for PBXProject "MagnetBarView" */;
			compatibilityVersion = "Xcode 13.0";
			developmentRegion = en;
			hasScannedForEncodings = 0;
			knownRegions = (
				en,
				Base,
			);
			mainGroup = FE49392F280564EB0035820F;
			packageReferences = (
				FE49394F280565370035820F /* XCRemoteSwiftPackageReference "RxSwift" */,
				FE4939562805654D0035820F /* XCRemoteSwiftPackageReference "SnapKit" */,
				FE49395D280585610035820F /* XCRemoteSwiftPackageReference "RxDataSources" */,
				FE7077C02806FF99006F7980 /* XCRemoteSwiftPackageReference "Reusable" */,
			);
			productRefGroup = FE493939280564EB0035820F /* Products */;
			projectDirPath = "";
			projectRoot = "";
			targets = (
				FE493937280564EB0035820F /* MagnetBarView */,
			);
		};
/* End PBXProject section */

/* Begin PBXResourcesBuildPhase section */
		FE493936280564EB0035820F /* Resources */ = {
			isa = PBXResourcesBuildPhase;
			buildActionMask = 2147483647;
			files = (
				FE493948280564EC0035820F /* LaunchScreen.storyboard in Resources */,
				FE493945280564EC0035820F /* Assets.xcassets in Resources */,
			);
			runOnlyForDeploymentPostprocessing = 0;
		};
/* End PBXResourcesBuildPhase section */

/* Begin PBXSourcesBuildPhase section */
		FE493934280564EB0035820F /* Sources */ = {
			isa = PBXSourcesBuildPhase;
			buildActionMask = 2147483647;
			files = (
				FE5231FB2807CBD900200F02 /* MagnetHeaderView.swift in Sources */,
				FE7077BF2806FF02006F7980 /* RxStaticSectionData.swift in Sources */,
				FE493940280564EB0035820F /* ViewController.swift in Sources */,
				FE7077BD2806FB73006F7980 /* TestCell.swift in Sources */,
				FE5232002807CE4F00200F02 /* MagnetBarViewModel.swift in Sources */,
				FE5232022807D48500200F02 /* MagnetNavigationBar.swift in Sources */,
				FE49395C280583C30035820F /* MagnetBarView.swift in Sources */,
				FE5231FD2807CE1100200F02 /* MagnetHeaderViewModel.swift in Sources */,
				FE5231F82807AC4600200F02 /* PresentHelper.swift in Sources */,
				FE49393C280564EB0035820F /* AppDelegate.swift in Sources */,
				FE5232042807D4CB00200F02 /* MagnetNavigationBarViewModel.swift in Sources */,
				FE7077C6280702AB006F7980 /* SimpleTableView.swift in Sources */,
				FE49395A28057F9E0035820F /* CustomTitleView.swift in Sources */,
				FE49393E280564EB0035820F /* SceneDelegate.swift in Sources */,
			);
			runOnlyForDeploymentPostprocessing = 0;
		};
/* End PBXSourcesBuildPhase section */

/* Begin PBXVariantGroup section */
		FE493946280564EC0035820F /* LaunchScreen.storyboard */ = {
			isa = PBXVariantGroup;
			children = (
				FE493947280564EC0035820F /* Base */,
			);
			name = LaunchScreen.storyboard;
			sourceTree = "<group>";
		};
/* End PBXVariantGroup section */

/* Begin XCBuildConfiguration section */
		FE49394A280564EC0035820F /* Debug */ = {
			isa = XCBuildConfiguration;
			buildSettings = {
				ALWAYS_SEARCH_USER_PATHS = NO;
				CLANG_ANALYZER_NONNULL = YES;
				CLANG_ANALYZER_NUMBER_OBJECT_CONVERSION = YES_AGGRESSIVE;
				CLANG_CXX_LANGUAGE_STANDARD = "gnu++17";
				CLANG_ENABLE_MODULES = YES;
				CLANG_ENABLE_OBJC_ARC = YES;
				CLANG_ENABLE_OBJC_WEAK = YES;
				CLANG_WARN_BLOCK_CAPTURE_AUTORELEASING = YES;
				CLANG_WARN_BOOL_CONVERSION = YES;
				CLANG_WARN_COMMA = YES;
				CLANG_WARN_CONSTANT_CONVERSION = YES;
				CLANG_WARN_DEPRECATED_OBJC_IMPLEMENTATIONS = YES;
				CLANG_WARN_DIRECT_OBJC_ISA_USAGE = YES_ERROR;
				CLANG_WARN_DOCUMENTATION_COMMENTS = YES;
				CLANG_WARN_EMPTY_BODY = YES;
				CLANG_WARN_ENUM_CONVERSION = YES;
				CLANG_WARN_INFINITE_RECURSION = YES;
				CLANG_WARN_INT_CONVERSION = YES;
				CLANG_WARN_NON_LITERAL_NULL_CONVERSION = YES;
				CLANG_WARN_OBJC_IMPLICIT_RETAIN_SELF = YES;
				CLANG_WARN_OBJC_LITERAL_CONVERSION = YES;
				CLANG_WARN_OBJC_ROOT_CLASS = YES_ERROR;
				CLANG_WARN_QUOTED_INCLUDE_IN_FRAMEWORK_HEADER = YES;
				CLANG_WARN_RANGE_LOOP_ANALYSIS = YES;
				CLANG_WARN_STRICT_PROTOTYPES = YES;
				CLANG_WARN_SUSPICIOUS_MOVE = YES;
				CLANG_WARN_UNGUARDED_AVAILABILITY = YES_AGGRESSIVE;
				CLANG_WARN_UNREACHABLE_CODE = YES;
				CLANG_WARN__DUPLICATE_METHOD_MATCH = YES;
				COPY_PHASE_STRIP = NO;
				DEBUG_INFORMATION_FORMAT = dwarf;
				ENABLE_STRICT_OBJC_MSGSEND = YES;
				ENABLE_TESTABILITY = YES;
				GCC_C_LANGUAGE_STANDARD = gnu11;
				GCC_DYNAMIC_NO_PIC = NO;
				GCC_NO_COMMON_BLOCKS = YES;
				GCC_OPTIMIZATION_LEVEL = 0;
				GCC_PREPROCESSOR_DEFINITIONS = (
					"DEBUG=1",
					"$(inherited)",
				);
				GCC_WARN_64_TO_32_BIT_CONVERSION = YES;
				GCC_WARN_ABOUT_RETURN_TYPE = YES_ERROR;
				GCC_WARN_UNDECLARED_SELECTOR = YES;
				GCC_WARN_UNINITIALIZED_AUTOS = YES_AGGRESSIVE;
				GCC_WARN_UNUSED_FUNCTION = YES;
				GCC_WARN_UNUSED_VARIABLE = YES;
				IPHONEOS_DEPLOYMENT_TARGET = 15.4;
				MTL_ENABLE_DEBUG_INFO = INCLUDE_SOURCE;
				MTL_FAST_MATH = YES;
				ONLY_ACTIVE_ARCH = YES;
				SDKROOT = iphoneos;
				SWIFT_ACTIVE_COMPILATION_CONDITIONS = DEBUG;
				SWIFT_OPTIMIZATION_LEVEL = "-Onone";
			};
			name = Debug;
		};
		FE49394B280564EC0035820F /* Release */ = {
			isa = XCBuildConfiguration;
			buildSettings = {
				ALWAYS_SEARCH_USER_PATHS = NO;
				CLANG_ANALYZER_NONNULL = YES;
				CLANG_ANALYZER_NUMBER_OBJECT_CONVERSION = YES_AGGRESSIVE;
				CLANG_CXX_LANGUAGE_STANDARD = "gnu++17";
				CLANG_ENABLE_MODULES = YES;
				CLANG_ENABLE_OBJC_ARC = YES;
				CLANG_ENABLE_OBJC_WEAK = YES;
				CLANG_WARN_BLOCK_CAPTURE_AUTORELEASING = YES;
				CLANG_WARN_BOOL_CONVERSION = YES;
				CLANG_WARN_COMMA = YES;
				CLANG_WARN_CONSTANT_CONVERSION = YES;
				CLANG_WARN_DEPRECATED_OBJC_IMPLEMENTATIONS = YES;
				CLANG_WARN_DIRECT_OBJC_ISA_USAGE = YES_ERROR;
				CLANG_WARN_DOCUMENTATION_COMMENTS = YES;
				CLANG_WARN_EMPTY_BODY = YES;
				CLANG_WARN_ENUM_CONVERSION = YES;
				CLANG_WARN_INFINITE_RECURSION = YES;
				CLANG_WARN_INT_CONVERSION = YES;
				CLANG_WARN_NON_LITERAL_NULL_CONVERSION = YES;
				CLANG_WARN_OBJC_IMPLICIT_RETAIN_SELF = YES;
				CLANG_WARN_OBJC_LITERAL_CONVERSION = YES;
				CLANG_WARN_OBJC_ROOT_CLASS = YES_ERROR;
				CLANG_WARN_QUOTED_INCLUDE_IN_FRAMEWORK_HEADER = YES;
				CLANG_WARN_RANGE_LOOP_ANALYSIS = YES;
				CLANG_WARN_STRICT_PROTOTYPES = YES;
				CLANG_WARN_SUSPICIOUS_MOVE = YES;
				CLANG_WARN_UNGUARDED_AVAILABILITY = YES_AGGRESSIVE;
				CLANG_WARN_UNREACHABLE_CODE = YES;
				CLANG_WARN__DUPLICATE_METHOD_MATCH = YES;
				COPY_PHASE_STRIP = NO;
				DEBUG_INFORMATION_FORMAT = "dwarf-with-dsym";
				ENABLE_NS_ASSERTIONS = NO;
				ENABLE_STRICT_OBJC_MSGSEND = YES;
				GCC_C_LANGUAGE_STANDARD = gnu11;
				GCC_NO_COMMON_BLOCKS = YES;
				GCC_WARN_64_TO_32_BIT_CONVERSION = YES;
				GCC_WARN_ABOUT_RETURN_TYPE = YES_ERROR;
				GCC_WARN_UNDECLARED_SELECTOR = YES;
				GCC_WARN_UNINITIALIZED_AUTOS = YES_AGGRESSIVE;
				GCC_WARN_UNUSED_FUNCTION = YES;
				GCC_WARN_UNUSED_VARIABLE = YES;
				IPHONEOS_DEPLOYMENT_TARGET = 15.4;
				MTL_ENABLE_DEBUG_INFO = NO;
				MTL_FAST_MATH = YES;
				SDKROOT = iphoneos;
				SWIFT_COMPILATION_MODE = wholemodule;
				SWIFT_OPTIMIZATION_LEVEL = "-O";
				VALIDATE_PRODUCT = YES;
			};
			name = Release;
		};
		FE49394D280564EC0035820F /* Debug */ = {
			isa = XCBuildConfiguration;
			buildSettings = {
				ASSETCATALOG_COMPILER_APPICON_NAME = AppIcon;
				ASSETCATALOG_COMPILER_GLOBAL_ACCENT_COLOR_NAME = AccentColor;
				CODE_SIGN_STYLE = Automatic;
				CURRENT_PROJECT_VERSION = 1;
				DEVELOPMENT_TEAM = CNGL9PR533;
				GENERATE_INFOPLIST_FILE = YES;
				INFOPLIST_FILE = MagnetBarView/Info.plist;
				INFOPLIST_KEY_UIApplicationSupportsIndirectInputEvents = YES;
				INFOPLIST_KEY_UILaunchStoryboardName = LaunchScreen;
				INFOPLIST_KEY_UISupportedInterfaceOrientations_iPad = "UIInterfaceOrientationPortrait UIInterfaceOrientationPortraitUpsideDown UIInterfaceOrientationLandscapeLeft UIInterfaceOrientationLandscapeRight";
				INFOPLIST_KEY_UISupportedInterfaceOrientations_iPhone = "UIInterfaceOrientationPortrait UIInterfaceOrientationLandscapeLeft UIInterfaceOrientationLandscapeRight";
				LD_RUNPATH_SEARCH_PATHS = (
					"$(inherited)",
					"@executable_path/Frameworks",
				);
				MARKETING_VERSION = 1.0;
				PRODUCT_BUNDLE_IDENTIFIER = com.kirkim.MagnetBarView;
				PRODUCT_NAME = "$(TARGET_NAME)";
				SWIFT_EMIT_LOC_STRINGS = YES;
				SWIFT_VERSION = 5.0;
				TARGETED_DEVICE_FAMILY = "1,2";
			};
			name = Debug;
		};
		FE49394E280564EC0035820F /* Release */ = {
			isa = XCBuildConfiguration;
			buildSettings = {
				ASSETCATALOG_COMPILER_APPICON_NAME = AppIcon;
				ASSETCATALOG_COMPILER_GLOBAL_ACCENT_COLOR_NAME = AccentColor;
				CODE_SIGN_STYLE = Automatic;
				CURRENT_PROJECT_VERSION = 1;
				DEVELOPMENT_TEAM = CNGL9PR533;
				GENERATE_INFOPLIST_FILE = YES;
				INFOPLIST_FILE = MagnetBarView/Info.plist;
				INFOPLIST_KEY_UIApplicationSupportsIndirectInputEvents = YES;
				INFOPLIST_KEY_UILaunchStoryboardName = LaunchScreen;
				INFOPLIST_KEY_UISupportedInterfaceOrientations_iPad = "UIInterfaceOrientationPortrait UIInterfaceOrientationPortraitUpsideDown UIInterfaceOrientationLandscapeLeft UIInterfaceOrientationLandscapeRight";
				INFOPLIST_KEY_UISupportedInterfaceOrientations_iPhone = "UIInterfaceOrientationPortrait UIInterfaceOrientationLandscapeLeft UIInterfaceOrientationLandscapeRight";
				LD_RUNPATH_SEARCH_PATHS = (
					"$(inherited)",
					"@executable_path/Frameworks",
				);
				MARKETING_VERSION = 1.0;
				PRODUCT_BUNDLE_IDENTIFIER = com.kirkim.MagnetBarView;
				PRODUCT_NAME = "$(TARGET_NAME)";
				SWIFT_EMIT_LOC_STRINGS = YES;
				SWIFT_VERSION = 5.0;
				TARGETED_DEVICE_FAMILY = "1,2";
			};
			name = Release;
		};
/* End XCBuildConfiguration section */

/* Begin XCConfigurationList section */
		FE493933280564EB0035820F /* Build configuration list for PBXProject "MagnetBarView" */ = {
			isa = XCConfigurationList;
			buildConfigurations = (
				FE49394A280564EC0035820F /* Debug */,
				FE49394B280564EC0035820F /* Release */,
			);
			defaultConfigurationIsVisible = 0;
			defaultConfigurationName = Release;
		};
		FE49394C280564EC0035820F /* Build configuration list for PBXNativeTarget "MagnetBarView" */ = {
			isa = XCConfigurationList;
			buildConfigurations = (
				FE49394D280564EC0035820F /* Debug */,
				FE49394E280564EC0035820F /* Release */,
			);
			defaultConfigurationIsVisible = 0;
			defaultConfigurationName = Release;
		};
/* End XCConfigurationList section */

/* Begin XCRemoteSwiftPackageReference section */
		FE49394F280565370035820F /* XCRemoteSwiftPackageReference "RxSwift" */ = {
			isa = XCRemoteSwiftPackageReference;
			repositoryURL = "https://github.com/ReactiveX/RxSwift";
			requirement = {
				branch = main;
				kind = branch;
			};
		};
		FE4939562805654D0035820F /* XCRemoteSwiftPackageReference "SnapKit" */ = {
			isa = XCRemoteSwiftPackageReference;
			repositoryURL = "https://github.com/SnapKit/SnapKit";
			requirement = {
				branch = develop;
				kind = branch;
			};
		};
		FE49395D280585610035820F /* XCRemoteSwiftPackageReference "RxDataSources" */ = {
			isa = XCRemoteSwiftPackageReference;
			repositoryURL = "https://github.com/RxSwiftCommunity/RxDataSources";
			requirement = {
				branch = main;
				kind = branch;
			};
		};
		FE7077C02806FF99006F7980 /* XCRemoteSwiftPackageReference "Reusable" */ = {
			isa = XCRemoteSwiftPackageReference;
			repositoryURL = "https://github.com/AliSoftware/Reusable";
			requirement = {
				kind = upToNextMajorVersion;
				minimumVersion = 4.0.0;
			};
		};
/* End XCRemoteSwiftPackageReference section */

/* Begin XCSwiftPackageProductDependency section */
		FE493950280565370035820F /* RxCocoa */ = {
			isa = XCSwiftPackageProductDependency;
			package = FE49394F280565370035820F /* XCRemoteSwiftPackageReference "RxSwift" */;
			productName = RxCocoa;
		};
		FE493952280565370035820F /* RxRelay */ = {
			isa = XCSwiftPackageProductDependency;
			package = FE49394F280565370035820F /* XCRemoteSwiftPackageReference "RxSwift" */;
			productName = RxRelay;
		};
		FE493954280565370035820F /* RxSwift */ = {
			isa = XCSwiftPackageProductDependency;
			package = FE49394F280565370035820F /* XCRemoteSwiftPackageReference "RxSwift" */;
			productName = RxSwift;
		};
		FE4939572805654D0035820F /* SnapKit */ = {
			isa = XCSwiftPackageProductDependency;
			package = FE4939562805654D0035820F /* XCRemoteSwiftPackageReference "SnapKit" */;
			productName = SnapKit;
		};
		FE49395E280585610035820F /* RxDataSources */ = {
			isa = XCSwiftPackageProductDependency;
			package = FE49395D280585610035820F /* XCRemoteSwiftPackageReference "RxDataSources" */;
			productName = RxDataSources;
		};
		FE7077C12806FF99006F7980 /* Reusable */ = {
			isa = XCSwiftPackageProductDependency;
			package = FE7077C02806FF99006F7980 /* XCRemoteSwiftPackageReference "Reusable" */;
			productName = Reusable;
		};
/* End XCSwiftPackageProductDependency section */
	};
	rootObject = FE493930280564EB0035820F /* Project object */;
}
