// !$*UTF8*$!
{
	archiveVersion = 1;
	classes = {
	};
	objectVersion = 55;
	objects = {

/* Begin PBXBuildFile section */
		FE03E4C02811529B000A04D4 /* RxHttpClient.swift in Sources */ = {isa = PBXBuildFile; fileRef = FE03E4BF2811529B000A04D4 /* RxHttpClient.swift */; };
		FE03E4C2281152C2000A04D4 /* DeliveryHttpManager.swift in Sources */ = {isa = PBXBuildFile; fileRef = FE03E4C1281152C2000A04D4 /* DeliveryHttpManager.swift */; };
		FE1A73F0280817DD006C24C3 /* BeminBannerViewModel.swift in Sources */ = {isa = PBXBuildFile; fileRef = FE1A73DE280817DD006C24C3 /* BeminBannerViewModel.swift */; };
		FE1A73F1280817DD006C24C3 /* BeminBannerView.swift in Sources */ = {isa = PBXBuildFile; fileRef = FE1A73DF280817DD006C24C3 /* BeminBannerView.swift */; };
		FE1A73F2280817DD006C24C3 /* BeminBannerButtonViewModel.swift in Sources */ = {isa = PBXBuildFile; fileRef = FE1A73E2280817DD006C24C3 /* BeminBannerButtonViewModel.swift */; };
		FE1A73F3280817DD006C24C3 /* BeminBannerButton.swift in Sources */ = {isa = PBXBuildFile; fileRef = FE1A73E3280817DD006C24C3 /* BeminBannerButton.swift */; };
		FE1A73F4280817DD006C24C3 /* TotalBannerListView.swift in Sources */ = {isa = PBXBuildFile; fileRef = FE1A73E5280817DD006C24C3 /* TotalBannerListView.swift */; };
		FE1A73F5280817DD006C24C3 /* TotalBannerListCell.swift in Sources */ = {isa = PBXBuildFile; fileRef = FE1A73E7280817DD006C24C3 /* TotalBannerListCell.swift */; };
		FE1A73F6280817DD006C24C3 /* TotalBannerListViewModel.swift in Sources */ = {isa = PBXBuildFile; fileRef = FE1A73E8280817DD006C24C3 /* TotalBannerListViewModel.swift */; };
		FE1A73F7280817DD006C24C3 /* BeminBannerListViewModel.swift in Sources */ = {isa = PBXBuildFile; fileRef = FE1A73EA280817DD006C24C3 /* BeminBannerListViewModel.swift */; };
		FE1A73F8280817DD006C24C3 /* BeminBannerCell.swift in Sources */ = {isa = PBXBuildFile; fileRef = FE1A73EC280817DD006C24C3 /* BeminBannerCell.swift */; };
		FE1A73F9280817DD006C24C3 /* BeminBannerListView.swift in Sources */ = {isa = PBXBuildFile; fileRef = FE1A73ED280817DD006C24C3 /* BeminBannerListView.swift */; };
		FE1A73FA280817DD006C24C3 /* BannerSources.swift in Sources */ = {isa = PBXBuildFile; fileRef = FE1A73EF280817DD006C24C3 /* BannerSources.swift */; };
		FE1A73FC28081D71006C24C3 /* MagnetBannerCell.swift in Sources */ = {isa = PBXBuildFile; fileRef = FE1A73FB28081D71006C24C3 /* MagnetBannerCell.swift */; };
		FE300BCC2808EFAE00952AA8 /* MagnetListView.swift in Sources */ = {isa = PBXBuildFile; fileRef = FE300BCB2808EFAE00952AA8 /* MagnetListView.swift */; };
		FE300BCE2808EFBA00952AA8 /* MagnetListViewModel.swift in Sources */ = {isa = PBXBuildFile; fileRef = FE300BCD2808EFBA00952AA8 /* MagnetListViewModel.swift */; };
		FE300BD12808F7F700952AA8 /* MagnetInfoCell.swift in Sources */ = {isa = PBXBuildFile; fileRef = FE300BD02808F7F700952AA8 /* MagnetInfoCell.swift */; };
		FE300BD32808F90100952AA8 /* MagnetInfoNavBar.swift in Sources */ = {isa = PBXBuildFile; fileRef = FE300BD22808F90100952AA8 /* MagnetInfoNavBar.swift */; };
		FE300BD62808F9F500952AA8 /* RxGesture in Frameworks */ = {isa = PBXBuildFile; productRef = FE300BD52808F9F500952AA8 /* RxGesture */; };
		FE300BDA2808FAF800952AA8 /* MagnetInfoButton.swift in Sources */ = {isa = PBXBuildFile; fileRef = FE300BD92808FAF800952AA8 /* MagnetInfoButton.swift */; };
		FE300BDD2808FC6000952AA8 /* TestVC.swift in Sources */ = {isa = PBXBuildFile; fileRef = FE300BDC2808FC6000952AA8 /* TestVC.swift */; };
		FE300BDF2809025E00952AA8 /* MagnetInfoNavBarViewModel.swift in Sources */ = {isa = PBXBuildFile; fileRef = FE300BDE2809025E00952AA8 /* MagnetInfoNavBarViewModel.swift */; };
		FE300BE3280908A300952AA8 /* MagnetInfoView.swift in Sources */ = {isa = PBXBuildFile; fileRef = FE300BE2280908A300952AA8 /* MagnetInfoView.swift */; };
		FE300BE5280908C400952AA8 /* MagnetInfoViewModel.swift in Sources */ = {isa = PBXBuildFile; fileRef = FE300BE4280908C400952AA8 /* MagnetInfoViewModel.swift */; };
		FE300BE8280909B800952AA8 /* MagnetInfoType.swift in Sources */ = {isa = PBXBuildFile; fileRef = FE300BE7280909B800952AA8 /* MagnetInfoType.swift */; };
		FE300BEB28090A2400952AA8 /* DeliveryInfoView.swift in Sources */ = {isa = PBXBuildFile; fileRef = FE300BEA28090A2400952AA8 /* DeliveryInfoView.swift */; };
		FE300BEE28090BF700952AA8 /* Int+extension.swift in Sources */ = {isa = PBXBuildFile; fileRef = FE300BED28090BF700952AA8 /* Int+extension.swift */; };
		FE300BF0280911DE00952AA8 /* TakeoutInfoView.swift in Sources */ = {isa = PBXBuildFile; fileRef = FE300BEF280911DE00952AA8 /* TakeoutInfoView.swift */; };
		FE300BF22809147300952AA8 /* MagnetSummaryReviewView.swift in Sources */ = {isa = PBXBuildFile; fileRef = FE300BF12809147300952AA8 /* MagnetSummaryReviewView.swift */; };
		FE3F5F33281ABC1E00838AEC /* MagnetReviewHeaderCellViewModel.swift in Sources */ = {isa = PBXBuildFile; fileRef = FE3F5F32281ABC1E00838AEC /* MagnetReviewHeaderCellViewModel.swift */; };
		FE49393C280564EB0035820F /* AppDelegate.swift in Sources */ = {isa = PBXBuildFile; fileRef = FE49393B280564EB0035820F /* AppDelegate.swift */; };
		FE49393E280564EB0035820F /* SceneDelegate.swift in Sources */ = {isa = PBXBuildFile; fileRef = FE49393D280564EB0035820F /* SceneDelegate.swift */; };
		FE493940280564EB0035820F /* ViewController.swift in Sources */ = {isa = PBXBuildFile; fileRef = FE49393F280564EB0035820F /* ViewController.swift */; };
		FE493945280564EC0035820F /* Assets.xcassets in Resources */ = {isa = PBXBuildFile; fileRef = FE493944280564EC0035820F /* Assets.xcassets */; };
		FE493948280564EC0035820F /* LaunchScreen.storyboard in Resources */ = {isa = PBXBuildFile; fileRef = FE493946280564EC0035820F /* LaunchScreen.storyboard */; };
		FE493951280565370035820F /* RxCocoa in Frameworks */ = {isa = PBXBuildFile; productRef = FE493950280565370035820F /* RxCocoa */; };
		FE493953280565370035820F /* RxRelay in Frameworks */ = {isa = PBXBuildFile; productRef = FE493952280565370035820F /* RxRelay */; };
		FE493955280565370035820F /* RxSwift in Frameworks */ = {isa = PBXBuildFile; productRef = FE493954280565370035820F /* RxSwift */; };
		FE4939582805654D0035820F /* SnapKit in Frameworks */ = {isa = PBXBuildFile; productRef = FE4939572805654D0035820F /* SnapKit */; };
		FE49395A28057F9E0035820F /* CustomTitleView.swift in Sources */ = {isa = PBXBuildFile; fileRef = FE49395928057F9E0035820F /* CustomTitleView.swift */; };
		FE49395C280583C30035820F /* MagnetBarView.swift in Sources */ = {isa = PBXBuildFile; fileRef = FE49395B280583C30035820F /* MagnetBarView.swift */; };
		FE49395F280585610035820F /* RxDataSources in Frameworks */ = {isa = PBXBuildFile; productRef = FE49395E280585610035820F /* RxDataSources */; };
		FE4D91152811696E001B6B1B /* MagnetBarHttpModel.swift in Sources */ = {isa = PBXBuildFile; fileRef = FE4D91142811696E001B6B1B /* MagnetBarHttpModel.swift */; };
		FE5231F82807AC4600200F02 /* PresentHelper.swift in Sources */ = {isa = PBXBuildFile; fileRef = FE5231F72807AC4600200F02 /* PresentHelper.swift */; };
		FE5231FB2807CBD900200F02 /* MagnetHeaderView.swift in Sources */ = {isa = PBXBuildFile; fileRef = FE5231FA2807CBD900200F02 /* MagnetHeaderView.swift */; };
		FE5231FD2807CE1100200F02 /* MagnetHeaderViewModel.swift in Sources */ = {isa = PBXBuildFile; fileRef = FE5231FC2807CE1100200F02 /* MagnetHeaderViewModel.swift */; };
		FE5232002807CE4F00200F02 /* MagnetBarViewModel.swift in Sources */ = {isa = PBXBuildFile; fileRef = FE5231FF2807CE4F00200F02 /* MagnetBarViewModel.swift */; };
		FE5232022807D48500200F02 /* MagnetNavigationBar.swift in Sources */ = {isa = PBXBuildFile; fileRef = FE5232012807D48500200F02 /* MagnetNavigationBar.swift */; };
		FE5232042807D4CB00200F02 /* MagnetNavigationBarViewModel.swift in Sources */ = {isa = PBXBuildFile; fileRef = FE5232032807D4CB00200F02 /* MagnetNavigationBarViewModel.swift */; };
		FE6A20D2280D304100AEC9DF /* MagnetMenuHeaderCell.swift in Sources */ = {isa = PBXBuildFile; fileRef = FE6A20D1280D304100AEC9DF /* MagnetMenuHeaderCell.swift */; };
		FE6A20D4280D3AF200AEC9DF /* MagnetBannerCellViewModel.swift in Sources */ = {isa = PBXBuildFile; fileRef = FE6A20D3280D3AF200AEC9DF /* MagnetBannerCellViewModel.swift */; };
		FE6A20D7280D3E5D00AEC9DF /* MagnetReviewVC.swift in Sources */ = {isa = PBXBuildFile; fileRef = FE6A20D6280D3E5D00AEC9DF /* MagnetReviewVC.swift */; };
		FE6AFB572817E2CE00E421E5 /* MagnetReviewCell.swift in Sources */ = {isa = PBXBuildFile; fileRef = FE6AFB552817E2CE00E421E5 /* MagnetReviewCell.swift */; };
		FE6AFB582817E2CE00E421E5 /* MagnetReviewCell.xib in Resources */ = {isa = PBXBuildFile; fileRef = FE6AFB562817E2CE00E421E5 /* MagnetReviewCell.xib */; };
		FE6AFB5E2818395100E421E5 /* MagnetReviewTotalRatingCell.swift in Sources */ = {isa = PBXBuildFile; fileRef = FE6AFB5D2818395100E421E5 /* MagnetReviewTotalRatingCell.swift */; };
		FE7077BD2806FB73006F7980 /* MagnetMenuCell.swift in Sources */ = {isa = PBXBuildFile; fileRef = FE7077BC2806FB73006F7980 /* MagnetMenuCell.swift */; };
		FE7077BF2806FF02006F7980 /* MagnetSection.swift in Sources */ = {isa = PBXBuildFile; fileRef = FE7077BE2806FF02006F7980 /* MagnetSection.swift */; };
		FE7077C22806FF99006F7980 /* Reusable in Frameworks */ = {isa = PBXBuildFile; productRef = FE7077C12806FF99006F7980 /* Reusable */; };
		FE7077C6280702AB006F7980 /* SimpleTableView.swift in Sources */ = {isa = PBXBuildFile; fileRef = FE7077C5280702AB006F7980 /* SimpleTableView.swift */; };
		FE76FB92280D5F59008BAA17 /* MagnetSummaryReviewModel.swift in Sources */ = {isa = PBXBuildFile; fileRef = FE76FB91280D5F59008BAA17 /* MagnetSummaryReviewModel.swift */; };
		FE9884C12809679600A0BD1A /* MagnetSummaryReviewViewModel.swift in Sources */ = {isa = PBXBuildFile; fileRef = FE9884C02809679600A0BD1A /* MagnetSummaryReviewViewModel.swift */; };
		FE9884C32809695000A0BD1A /* MagnetInfoReviewCell.swift in Sources */ = {isa = PBXBuildFile; fileRef = FE9884C22809695000A0BD1A /* MagnetInfoReviewCell.swift */; };
		FE9884C628099D6200A0BD1A /* MagnetInfoMoreButtonCell.swift in Sources */ = {isa = PBXBuildFile; fileRef = FE9884C528099D6200A0BD1A /* MagnetInfoMoreButtonCell.swift */; };
		FE9884C92809AE1D00A0BD1A /* TestView.swift in Sources */ = {isa = PBXBuildFile; fileRef = FE9884C82809AE1D00A0BD1A /* TestView.swift */; };
		FE9DF4D7280E452800FC24CF /* TestCollectionVC.swift in Sources */ = {isa = PBXBuildFile; fileRef = FE9DF4D6280E452800FC24CF /* TestCollectionVC.swift */; };
		FE9DF4D9280E504D00FC24CF /* MagnetStickyCell.swift in Sources */ = {isa = PBXBuildFile; fileRef = FE9DF4D8280E504D00FC24CF /* MagnetStickyCell.swift */; };
		FE9DF4DC280E5E9000FC24CF /* RemoteMainListBar.swift in Sources */ = {isa = PBXBuildFile; fileRef = FE9DF4DB280E5E9000FC24CF /* RemoteMainListBar.swift */; };
		FE9DF4DE280E5F1B00FC24CF /* RemoteMainListBarViewModel.swift in Sources */ = {isa = PBXBuildFile; fileRef = FE9DF4DD280E5F1B00FC24CF /* RemoteMainListBarViewModel.swift */; };
		FE9DF4E0280E5F5100FC24CF /* RemoteMainListBarCell.swift in Sources */ = {isa = PBXBuildFile; fileRef = FE9DF4DF280E5F5100FC24CF /* RemoteMainListBarCell.swift */; };
		FE9DF4E2280E75FB00FC24CF /* MagnetListSectionManager.swift in Sources */ = {isa = PBXBuildFile; fileRef = FE9DF4E1280E75FB00FC24CF /* MagnetListSectionManager.swift */; };
		FEDA8612281C19640091EFC7 /* MagnetReviewHttpManager.swift in Sources */ = {isa = PBXBuildFile; fileRef = FEDA8611281C19640091EFC7 /* MagnetReviewHttpManager.swift */; };
		FEDF4A0A281A2A6A00CA7FD7 /* MagnetReviewModel.swift in Sources */ = {isa = PBXBuildFile; fileRef = FEDF4A09281A2A6A00CA7FD7 /* MagnetReviewModel.swift */; };
		FEE927832818F2100027631E /* SummaryReviewData.swift in Sources */ = {isa = PBXBuildFile; fileRef = FEE927822818F2100027631E /* SummaryReviewData.swift */; };
		FEEFA6912816D7B4000549DD /* MagnetReviewViewModel.swift in Sources */ = {isa = PBXBuildFile; fileRef = FEEFA6902816D7B4000549DD /* MagnetReviewViewModel.swift */; };
		FEEFA6992816DFF5000549DD /* MagnetReviewSection.swift in Sources */ = {isa = PBXBuildFile; fileRef = FEEFA6982816DFF5000549DD /* MagnetReviewSection.swift */; };
		FEEFA69B2816E32B000549DD /* MagnetReviewHeaderCell.swift in Sources */ = {isa = PBXBuildFile; fileRef = FEEFA69A2816E32B000549DD /* MagnetReviewHeaderCell.swift */; };
		FEEFA69E2817A461000549DD /* CalculateTest.swift in Sources */ = {isa = PBXBuildFile; fileRef = FEEFA69D2817A461000549DD /* CalculateTest.swift */; };
/* End PBXBuildFile section */

/* Begin PBXFileReference section */
		FE03E4BF2811529B000A04D4 /* RxHttpClient.swift */ = {isa = PBXFileReference; fileEncoding = 4; lastKnownFileType = sourcecode.swift; path = RxHttpClient.swift; sourceTree = "<group>"; };
		FE03E4C1281152C2000A04D4 /* DeliveryHttpManager.swift */ = {isa = PBXFileReference; lastKnownFileType = sourcecode.swift; path = DeliveryHttpManager.swift; sourceTree = "<group>"; };
		FE1A73DE280817DD006C24C3 /* BeminBannerViewModel.swift */ = {isa = PBXFileReference; fileEncoding = 4; lastKnownFileType = sourcecode.swift; path = BeminBannerViewModel.swift; sourceTree = "<group>"; };
		FE1A73DF280817DD006C24C3 /* BeminBannerView.swift */ = {isa = PBXFileReference; fileEncoding = 4; lastKnownFileType = sourcecode.swift; path = BeminBannerView.swift; sourceTree = "<group>"; };
		FE1A73E2280817DD006C24C3 /* BeminBannerButtonViewModel.swift */ = {isa = PBXFileReference; fileEncoding = 4; lastKnownFileType = sourcecode.swift; path = BeminBannerButtonViewModel.swift; sourceTree = "<group>"; };
		FE1A73E3280817DD006C24C3 /* BeminBannerButton.swift */ = {isa = PBXFileReference; fileEncoding = 4; lastKnownFileType = sourcecode.swift; path = BeminBannerButton.swift; sourceTree = "<group>"; };
		FE1A73E5280817DD006C24C3 /* TotalBannerListView.swift */ = {isa = PBXFileReference; fileEncoding = 4; lastKnownFileType = sourcecode.swift; path = TotalBannerListView.swift; sourceTree = "<group>"; };
		FE1A73E7280817DD006C24C3 /* TotalBannerListCell.swift */ = {isa = PBXFileReference; fileEncoding = 4; lastKnownFileType = sourcecode.swift; path = TotalBannerListCell.swift; sourceTree = "<group>"; };
		FE1A73E8280817DD006C24C3 /* TotalBannerListViewModel.swift */ = {isa = PBXFileReference; fileEncoding = 4; lastKnownFileType = sourcecode.swift; path = TotalBannerListViewModel.swift; sourceTree = "<group>"; };
		FE1A73EA280817DD006C24C3 /* BeminBannerListViewModel.swift */ = {isa = PBXFileReference; fileEncoding = 4; lastKnownFileType = sourcecode.swift; path = BeminBannerListViewModel.swift; sourceTree = "<group>"; };
		FE1A73EC280817DD006C24C3 /* BeminBannerCell.swift */ = {isa = PBXFileReference; fileEncoding = 4; lastKnownFileType = sourcecode.swift; path = BeminBannerCell.swift; sourceTree = "<group>"; };
		FE1A73ED280817DD006C24C3 /* BeminBannerListView.swift */ = {isa = PBXFileReference; fileEncoding = 4; lastKnownFileType = sourcecode.swift; path = BeminBannerListView.swift; sourceTree = "<group>"; };
		FE1A73EF280817DD006C24C3 /* BannerSources.swift */ = {isa = PBXFileReference; fileEncoding = 4; lastKnownFileType = sourcecode.swift; path = BannerSources.swift; sourceTree = "<group>"; };
		FE1A73FB28081D71006C24C3 /* MagnetBannerCell.swift */ = {isa = PBXFileReference; lastKnownFileType = sourcecode.swift; path = MagnetBannerCell.swift; sourceTree = "<group>"; };
		FE300BCB2808EFAE00952AA8 /* MagnetListView.swift */ = {isa = PBXFileReference; lastKnownFileType = sourcecode.swift; path = MagnetListView.swift; sourceTree = "<group>"; };
		FE300BCD2808EFBA00952AA8 /* MagnetListViewModel.swift */ = {isa = PBXFileReference; lastKnownFileType = sourcecode.swift; path = MagnetListViewModel.swift; sourceTree = "<group>"; };
		FE300BD02808F7F700952AA8 /* MagnetInfoCell.swift */ = {isa = PBXFileReference; lastKnownFileType = sourcecode.swift; path = MagnetInfoCell.swift; sourceTree = "<group>"; };
		FE300BD22808F90100952AA8 /* MagnetInfoNavBar.swift */ = {isa = PBXFileReference; lastKnownFileType = sourcecode.swift; path = MagnetInfoNavBar.swift; sourceTree = "<group>"; };
		FE300BD92808FAF800952AA8 /* MagnetInfoButton.swift */ = {isa = PBXFileReference; lastKnownFileType = sourcecode.swift; path = MagnetInfoButton.swift; sourceTree = "<group>"; };
		FE300BDC2808FC6000952AA8 /* TestVC.swift */ = {isa = PBXFileReference; lastKnownFileType = sourcecode.swift; path = TestVC.swift; sourceTree = "<group>"; };
		FE300BDE2809025E00952AA8 /* MagnetInfoNavBarViewModel.swift */ = {isa = PBXFileReference; lastKnownFileType = sourcecode.swift; path = MagnetInfoNavBarViewModel.swift; sourceTree = "<group>"; };
		FE300BE2280908A300952AA8 /* MagnetInfoView.swift */ = {isa = PBXFileReference; lastKnownFileType = sourcecode.swift; path = MagnetInfoView.swift; sourceTree = "<group>"; };
		FE300BE4280908C400952AA8 /* MagnetInfoViewModel.swift */ = {isa = PBXFileReference; lastKnownFileType = sourcecode.swift; path = MagnetInfoViewModel.swift; sourceTree = "<group>"; };
		FE300BE7280909B800952AA8 /* MagnetInfoType.swift */ = {isa = PBXFileReference; lastKnownFileType = sourcecode.swift; path = MagnetInfoType.swift; sourceTree = "<group>"; };
		FE300BEA28090A2400952AA8 /* DeliveryInfoView.swift */ = {isa = PBXFileReference; lastKnownFileType = sourcecode.swift; path = DeliveryInfoView.swift; sourceTree = "<group>"; };
		FE300BED28090BF700952AA8 /* Int+extension.swift */ = {isa = PBXFileReference; lastKnownFileType = sourcecode.swift; path = "Int+extension.swift"; sourceTree = "<group>"; };
		FE300BEF280911DE00952AA8 /* TakeoutInfoView.swift */ = {isa = PBXFileReference; lastKnownFileType = sourcecode.swift; path = TakeoutInfoView.swift; sourceTree = "<group>"; };
		FE300BF12809147300952AA8 /* MagnetSummaryReviewView.swift */ = {isa = PBXFileReference; lastKnownFileType = sourcecode.swift; path = MagnetSummaryReviewView.swift; sourceTree = "<group>"; };
		FE3F5F32281ABC1E00838AEC /* MagnetReviewHeaderCellViewModel.swift */ = {isa = PBXFileReference; lastKnownFileType = sourcecode.swift; path = MagnetReviewHeaderCellViewModel.swift; sourceTree = "<group>"; };
		FE493938280564EB0035820F /* MagnetBarView.app */ = {isa = PBXFileReference; explicitFileType = wrapper.application; includeInIndex = 0; path = MagnetBarView.app; sourceTree = BUILT_PRODUCTS_DIR; };
		FE49393B280564EB0035820F /* AppDelegate.swift */ = {isa = PBXFileReference; lastKnownFileType = sourcecode.swift; path = AppDelegate.swift; sourceTree = "<group>"; };
		FE49393D280564EB0035820F /* SceneDelegate.swift */ = {isa = PBXFileReference; lastKnownFileType = sourcecode.swift; path = SceneDelegate.swift; sourceTree = "<group>"; };
		FE49393F280564EB0035820F /* ViewController.swift */ = {isa = PBXFileReference; lastKnownFileType = sourcecode.swift; path = ViewController.swift; sourceTree = "<group>"; };
		FE493944280564EC0035820F /* Assets.xcassets */ = {isa = PBXFileReference; lastKnownFileType = folder.assetcatalog; path = Assets.xcassets; sourceTree = "<group>"; };
		FE493947280564EC0035820F /* Base */ = {isa = PBXFileReference; lastKnownFileType = file.storyboard; name = Base; path = Base.lproj/LaunchScreen.storyboard; sourceTree = "<group>"; };
		FE493949280564EC0035820F /* Info.plist */ = {isa = PBXFileReference; lastKnownFileType = text.plist.xml; path = Info.plist; sourceTree = "<group>"; };
		FE49395928057F9E0035820F /* CustomTitleView.swift */ = {isa = PBXFileReference; lastKnownFileType = sourcecode.swift; path = CustomTitleView.swift; sourceTree = "<group>"; };
		FE49395B280583C30035820F /* MagnetBarView.swift */ = {isa = PBXFileReference; lastKnownFileType = sourcecode.swift; path = MagnetBarView.swift; sourceTree = "<group>"; };
		FE4D91142811696E001B6B1B /* MagnetBarHttpModel.swift */ = {isa = PBXFileReference; lastKnownFileType = sourcecode.swift; path = MagnetBarHttpModel.swift; sourceTree = "<group>"; };
		FE5231F72807AC4600200F02 /* PresentHelper.swift */ = {isa = PBXFileReference; lastKnownFileType = sourcecode.swift; path = PresentHelper.swift; sourceTree = "<group>"; };
		FE5231FA2807CBD900200F02 /* MagnetHeaderView.swift */ = {isa = PBXFileReference; lastKnownFileType = sourcecode.swift; path = MagnetHeaderView.swift; sourceTree = "<group>"; };
		FE5231FC2807CE1100200F02 /* MagnetHeaderViewModel.swift */ = {isa = PBXFileReference; lastKnownFileType = sourcecode.swift; path = MagnetHeaderViewModel.swift; sourceTree = "<group>"; };
		FE5231FF2807CE4F00200F02 /* MagnetBarViewModel.swift */ = {isa = PBXFileReference; lastKnownFileType = sourcecode.swift; path = MagnetBarViewModel.swift; sourceTree = "<group>"; };
		FE5232012807D48500200F02 /* MagnetNavigationBar.swift */ = {isa = PBXFileReference; lastKnownFileType = sourcecode.swift; path = MagnetNavigationBar.swift; sourceTree = "<group>"; };
		FE5232032807D4CB00200F02 /* MagnetNavigationBarViewModel.swift */ = {isa = PBXFileReference; lastKnownFileType = sourcecode.swift; path = MagnetNavigationBarViewModel.swift; sourceTree = "<group>"; };
		FE6A20D1280D304100AEC9DF /* MagnetMenuHeaderCell.swift */ = {isa = PBXFileReference; lastKnownFileType = sourcecode.swift; path = MagnetMenuHeaderCell.swift; sourceTree = "<group>"; };
		FE6A20D3280D3AF200AEC9DF /* MagnetBannerCellViewModel.swift */ = {isa = PBXFileReference; lastKnownFileType = sourcecode.swift; path = MagnetBannerCellViewModel.swift; sourceTree = "<group>"; };
		FE6A20D6280D3E5D00AEC9DF /* MagnetReviewVC.swift */ = {isa = PBXFileReference; lastKnownFileType = sourcecode.swift; path = MagnetReviewVC.swift; sourceTree = "<group>"; };
		FE6AFB552817E2CE00E421E5 /* MagnetReviewCell.swift */ = {isa = PBXFileReference; lastKnownFileType = sourcecode.swift; path = MagnetReviewCell.swift; sourceTree = "<group>"; };
		FE6AFB562817E2CE00E421E5 /* MagnetReviewCell.xib */ = {isa = PBXFileReference; lastKnownFileType = file.xib; path = MagnetReviewCell.xib; sourceTree = "<group>"; };
		FE6AFB5D2818395100E421E5 /* MagnetReviewTotalRatingCell.swift */ = {isa = PBXFileReference; lastKnownFileType = sourcecode.swift; path = MagnetReviewTotalRatingCell.swift; sourceTree = "<group>"; };
		FE7077BC2806FB73006F7980 /* MagnetMenuCell.swift */ = {isa = PBXFileReference; lastKnownFileType = sourcecode.swift; path = MagnetMenuCell.swift; sourceTree = "<group>"; };
		FE7077BE2806FF02006F7980 /* MagnetSection.swift */ = {isa = PBXFileReference; lastKnownFileType = sourcecode.swift; path = MagnetSection.swift; sourceTree = "<group>"; };
		FE7077C5280702AB006F7980 /* SimpleTableView.swift */ = {isa = PBXFileReference; lastKnownFileType = sourcecode.swift; path = SimpleTableView.swift; sourceTree = "<group>"; };
		FE76FB91280D5F59008BAA17 /* MagnetSummaryReviewModel.swift */ = {isa = PBXFileReference; lastKnownFileType = sourcecode.swift; path = MagnetSummaryReviewModel.swift; sourceTree = "<group>"; };
		FE9884C02809679600A0BD1A /* MagnetSummaryReviewViewModel.swift */ = {isa = PBXFileReference; lastKnownFileType = sourcecode.swift; path = MagnetSummaryReviewViewModel.swift; sourceTree = "<group>"; };
		FE9884C22809695000A0BD1A /* MagnetInfoReviewCell.swift */ = {isa = PBXFileReference; lastKnownFileType = sourcecode.swift; path = MagnetInfoReviewCell.swift; sourceTree = "<group>"; };
		FE9884C528099D6200A0BD1A /* MagnetInfoMoreButtonCell.swift */ = {isa = PBXFileReference; lastKnownFileType = sourcecode.swift; path = MagnetInfoMoreButtonCell.swift; sourceTree = "<group>"; };
		FE9884C82809AE1D00A0BD1A /* TestView.swift */ = {isa = PBXFileReference; lastKnownFileType = sourcecode.swift; path = TestView.swift; sourceTree = "<group>"; };
		FE9DF4D6280E452800FC24CF /* TestCollectionVC.swift */ = {isa = PBXFileReference; lastKnownFileType = sourcecode.swift; path = TestCollectionVC.swift; sourceTree = "<group>"; };
		FE9DF4D8280E504D00FC24CF /* MagnetStickyCell.swift */ = {isa = PBXFileReference; lastKnownFileType = sourcecode.swift; path = MagnetStickyCell.swift; sourceTree = "<group>"; };
		FE9DF4DB280E5E9000FC24CF /* RemoteMainListBar.swift */ = {isa = PBXFileReference; lastKnownFileType = sourcecode.swift; path = RemoteMainListBar.swift; sourceTree = "<group>"; };
		FE9DF4DD280E5F1B00FC24CF /* RemoteMainListBarViewModel.swift */ = {isa = PBXFileReference; lastKnownFileType = sourcecode.swift; path = RemoteMainListBarViewModel.swift; sourceTree = "<group>"; };
		FE9DF4DF280E5F5100FC24CF /* RemoteMainListBarCell.swift */ = {isa = PBXFileReference; lastKnownFileType = sourcecode.swift; path = RemoteMainListBarCell.swift; sourceTree = "<group>"; };
		FE9DF4E1280E75FB00FC24CF /* MagnetListSectionManager.swift */ = {isa = PBXFileReference; lastKnownFileType = sourcecode.swift; path = MagnetListSectionManager.swift; sourceTree = "<group>"; };
		FEDA8611281C19640091EFC7 /* MagnetReviewHttpManager.swift */ = {isa = PBXFileReference; lastKnownFileType = sourcecode.swift; path = MagnetReviewHttpManager.swift; sourceTree = "<group>"; };
		FEDF4A09281A2A6A00CA7FD7 /* MagnetReviewModel.swift */ = {isa = PBXFileReference; lastKnownFileType = sourcecode.swift; path = MagnetReviewModel.swift; sourceTree = "<group>"; };
		FEE927822818F2100027631E /* SummaryReviewData.swift */ = {isa = PBXFileReference; lastKnownFileType = sourcecode.swift; path = SummaryReviewData.swift; sourceTree = "<group>"; };
		FEEFA6902816D7B4000549DD /* MagnetReviewViewModel.swift */ = {isa = PBXFileReference; lastKnownFileType = sourcecode.swift; path = MagnetReviewViewModel.swift; sourceTree = "<group>"; };
		FEEFA6982816DFF5000549DD /* MagnetReviewSection.swift */ = {isa = PBXFileReference; lastKnownFileType = sourcecode.swift; path = MagnetReviewSection.swift; sourceTree = "<group>"; };
		FEEFA69A2816E32B000549DD /* MagnetReviewHeaderCell.swift */ = {isa = PBXFileReference; lastKnownFileType = sourcecode.swift; path = MagnetReviewHeaderCell.swift; sourceTree = "<group>"; };
		FEEFA69D2817A461000549DD /* CalculateTest.swift */ = {isa = PBXFileReference; lastKnownFileType = sourcecode.swift; path = CalculateTest.swift; sourceTree = "<group>"; };
/* End PBXFileReference section */

/* Begin PBXFrameworksBuildPhase section */
		FE493935280564EB0035820F /* Frameworks */ = {
			isa = PBXFrameworksBuildPhase;
			buildActionMask = 2147483647;
			files = (
				FE493955280565370035820F /* RxSwift in Frameworks */,
				FE4939582805654D0035820F /* SnapKit in Frameworks */,
				FE493953280565370035820F /* RxRelay in Frameworks */,
				FE49395F280585610035820F /* RxDataSources in Frameworks */,
				FE493951280565370035820F /* RxCocoa in Frameworks */,
				FE7077C22806FF99006F7980 /* Reusable in Frameworks */,
				FE300BD62808F9F500952AA8 /* RxGesture in Frameworks */,
			);
			runOnlyForDeploymentPostprocessing = 0;
		};
/* End PBXFrameworksBuildPhase section */

/* Begin PBXGroup section */
		FE03E4BE28115280000A04D4 /* Http */ = {
			isa = PBXGroup;
			children = (
				FE03E4BF2811529B000A04D4 /* RxHttpClient.swift */,
				FE03E4C1281152C2000A04D4 /* DeliveryHttpManager.swift */,
			);
			path = Http;
			sourceTree = "<group>";
		};
		FE1A73DC280817DD006C24C3 /* BeminBannerView */ = {
			isa = PBXGroup;
			children = (
				FE1A73DD280817DD006C24C3 /* Presentation */,
				FE1A73EE280817DD006C24C3 /* Entities */,
			);
			path = BeminBannerView;
			sourceTree = "<group>";
		};
		FE1A73DD280817DD006C24C3 /* Presentation */ = {
			isa = PBXGroup;
			children = (
				FE1A73DF280817DD006C24C3 /* BeminBannerView.swift */,
				FE1A73DE280817DD006C24C3 /* BeminBannerViewModel.swift */,
				FE1A73E0280817DD006C24C3 /* SubComponents */,
			);
			path = Presentation;
			sourceTree = "<group>";
		};
		FE1A73E0280817DD006C24C3 /* SubComponents */ = {
			isa = PBXGroup;
			children = (
				FE1A73E1280817DD006C24C3 /* BannerButton */,
				FE1A73E4280817DD006C24C3 /* TotalBannerListView */,
				FE1A73E9280817DD006C24C3 /* BannerList */,
			);
			path = SubComponents;
			sourceTree = "<group>";
		};
		FE1A73E1280817DD006C24C3 /* BannerButton */ = {
			isa = PBXGroup;
			children = (
				FE1A73E3280817DD006C24C3 /* BeminBannerButton.swift */,
				FE1A73E2280817DD006C24C3 /* BeminBannerButtonViewModel.swift */,
			);
			path = BannerButton;
			sourceTree = "<group>";
		};
		FE1A73E4280817DD006C24C3 /* TotalBannerListView */ = {
			isa = PBXGroup;
			children = (
				FE1A73E5280817DD006C24C3 /* TotalBannerListView.swift */,
				FE1A73E6280817DD006C24C3 /* Cell */,
				FE1A73E8280817DD006C24C3 /* TotalBannerListViewModel.swift */,
			);
			path = TotalBannerListView;
			sourceTree = "<group>";
		};
		FE1A73E6280817DD006C24C3 /* Cell */ = {
			isa = PBXGroup;
			children = (
				FE1A73E7280817DD006C24C3 /* TotalBannerListCell.swift */,
			);
			path = Cell;
			sourceTree = "<group>";
		};
		FE1A73E9280817DD006C24C3 /* BannerList */ = {
			isa = PBXGroup;
			children = (
				FE1A73ED280817DD006C24C3 /* BeminBannerListView.swift */,
				FE1A73EA280817DD006C24C3 /* BeminBannerListViewModel.swift */,
				FE1A73EB280817DD006C24C3 /* Cell */,
			);
			path = BannerList;
			sourceTree = "<group>";
		};
		FE1A73EB280817DD006C24C3 /* Cell */ = {
			isa = PBXGroup;
			children = (
				FE1A73EC280817DD006C24C3 /* BeminBannerCell.swift */,
			);
			path = Cell;
			sourceTree = "<group>";
		};
		FE1A73EE280817DD006C24C3 /* Entities */ = {
			isa = PBXGroup;
			children = (
				FE1A73EF280817DD006C24C3 /* BannerSources.swift */,
			);
			path = Entities;
			sourceTree = "<group>";
		};
		FE1A73FD28082470006C24C3 /* Cell */ = {
			isa = PBXGroup;
			children = (
				FE6A20CE280CFF1300AEC9DF /* BannerCell */,
				FE300BD72808FA9B00952AA8 /* InfoCell */,
				FE47197728101884004BB51D /* StickyCell */,
				FE76FB94280D609C008BAA17 /* MenuCell */,
			);
			path = Cell;
			sourceTree = "<group>";
		};
		FE300BCF2808EFC100952AA8 /* MainListView */ = {
			isa = PBXGroup;
			children = (
				FE300BCB2808EFAE00952AA8 /* MagnetListView.swift */,
				FE300BCD2808EFBA00952AA8 /* MagnetListViewModel.swift */,
				FE9DF4E1280E75FB00FC24CF /* MagnetListSectionManager.swift */,
				FE1A73FD28082470006C24C3 /* Cell */,
				FE300BDB2808FC3500952AA8 /* SectionModel */,
			);
			path = MainListView;
			sourceTree = "<group>";
		};
		FE300BD72808FA9B00952AA8 /* InfoCell */ = {
			isa = PBXGroup;
			children = (
				FE300BD02808F7F700952AA8 /* MagnetInfoCell.swift */,
				FE300BD82808FAA100952AA8 /* SubComponents */,
				FE300BE62809098F00952AA8 /* Entities */,
			);
			path = InfoCell;
			sourceTree = "<group>";
		};
		FE300BD82808FAA100952AA8 /* SubComponents */ = {
			isa = PBXGroup;
			children = (
				FE300BE12809088400952AA8 /* LayoutView */,
				FE300BE02809087600952AA8 /* NavBar */,
			);
			path = SubComponents;
			sourceTree = "<group>";
		};
		FE300BDB2808FC3500952AA8 /* SectionModel */ = {
			isa = PBXGroup;
			children = (
				FE7077BE2806FF02006F7980 /* MagnetSection.swift */,
			);
			path = SectionModel;
			sourceTree = "<group>";
		};
		FE300BE02809087600952AA8 /* NavBar */ = {
			isa = PBXGroup;
			children = (
				FE300BD22808F90100952AA8 /* MagnetInfoNavBar.swift */,
				FE300BDE2809025E00952AA8 /* MagnetInfoNavBarViewModel.swift */,
				FE300BD92808FAF800952AA8 /* MagnetInfoButton.swift */,
			);
			path = NavBar;
			sourceTree = "<group>";
		};
		FE300BE12809088400952AA8 /* LayoutView */ = {
			isa = PBXGroup;
			children = (
				FE300BE2280908A300952AA8 /* MagnetInfoView.swift */,
				FE300BE4280908C400952AA8 /* MagnetInfoViewModel.swift */,
				FE300BE9280909F000952AA8 /* SubComponents */,
			);
			path = LayoutView;
			sourceTree = "<group>";
		};
		FE300BE62809098F00952AA8 /* Entities */ = {
			isa = PBXGroup;
			children = (
				FE300BE7280909B800952AA8 /* MagnetInfoType.swift */,
			);
			path = Entities;
			sourceTree = "<group>";
		};
		FE300BE9280909F000952AA8 /* SubComponents */ = {
			isa = PBXGroup;
			children = (
				FE76FB8E280D59E1008BAA17 /* DeliveryOrTakeoutInfoView */,
				FE9884C428099D3400A0BD1A /* ReviewSummaryCollectionView */,
			);
			path = SubComponents;
			sourceTree = "<group>";
		};
		FE300BEC28090BE400952AA8 /* Extension */ = {
			isa = PBXGroup;
			children = (
				FE300BED28090BF700952AA8 /* Int+extension.swift */,
			);
			path = Extension;
			sourceTree = "<group>";
		};
		FE47197728101884004BB51D /* StickyCell */ = {
			isa = PBXGroup;
			children = (
				FE9DF4D8280E504D00FC24CF /* MagnetStickyCell.swift */,
			);
			path = StickyCell;
			sourceTree = "<group>";
		};
		FE49392F280564EB0035820F = {
			isa = PBXGroup;
			children = (
				FE49393A280564EB0035820F /* MagnetBarView */,
				FE493939280564EB0035820F /* Products */,
			);
			sourceTree = "<group>";
		};
		FE493939280564EB0035820F /* Products */ = {
			isa = PBXGroup;
			children = (
				FE493938280564EB0035820F /* MagnetBarView.app */,
			);
			name = Products;
			sourceTree = "<group>";
		};
		FE49393A280564EB0035820F /* MagnetBarView */ = {
			isa = PBXGroup;
			children = (
				FE7077C4280702A1006F7980 /* TestZone */,
				FE49393B280564EB0035820F /* AppDelegate.swift */,
				FE49393D280564EB0035820F /* SceneDelegate.swift */,
				FE49393F280564EB0035820F /* ViewController.swift */,
				FE493944280564EC0035820F /* Assets.xcassets */,
				FE493946280564EC0035820F /* LaunchScreen.storyboard */,
				FE493949280564EC0035820F /* Info.plist */,
				FE49395928057F9E0035820F /* CustomTitleView.swift */,
				FE1A73DC280817DD006C24C3 /* BeminBannerView */,
				FE7077C32807028E006F7980 /* MagnetBarView */,
				FE03E4BE28115280000A04D4 /* Http */,
			);
			path = MagnetBarView;
			sourceTree = "<group>";
		};
		FE5231F92807CBBE00200F02 /* SubComponent */ = {
			isa = PBXGroup;
			children = (
				FE5232052807E0FA00200F02 /* NavigationBar */,
				FE9DF4DA280E5E3100FC24CF /* RemoteMainListBar */,
				FE300BCF2808EFC100952AA8 /* MainListView */,
			);
			path = SubComponent;
			sourceTree = "<group>";
		};
		FE5231FE2807CE4000200F02 /* Present */ = {
			isa = PBXGroup;
			children = (
				FE6A20D8280D3EC500AEC9DF /* MagnetBarView */,
				FE6A20D5280D3E3F00AEC9DF /* ReviewView */,
			);
			path = Present;
			sourceTree = "<group>";
		};
		FE5232052807E0FA00200F02 /* NavigationBar */ = {
			isa = PBXGroup;
			children = (
				FE5232012807D48500200F02 /* MagnetNavigationBar.swift */,
				FE5232032807D4CB00200F02 /* MagnetNavigationBarViewModel.swift */,
			);
			path = NavigationBar;
			sourceTree = "<group>";
		};
		FE5232062807E10C00200F02 /* MainHeader */ = {
			isa = PBXGroup;
			children = (
				FE5231FA2807CBD900200F02 /* MagnetHeaderView.swift */,
				FE5231FC2807CE1100200F02 /* MagnetHeaderViewModel.swift */,
			);
			path = MainHeader;
			sourceTree = "<group>";
		};
		FE6A20CE280CFF1300AEC9DF /* BannerCell */ = {
			isa = PBXGroup;
			children = (
				FE1A73FB28081D71006C24C3 /* MagnetBannerCell.swift */,
				FE6A20D3280D3AF200AEC9DF /* MagnetBannerCellViewModel.swift */,
				FE5232062807E10C00200F02 /* MainHeader */,
			);
			path = BannerCell;
			sourceTree = "<group>";
		};
		FE6A20D5280D3E3F00AEC9DF /* ReviewView */ = {
			isa = PBXGroup;
			children = (
				FE6A20D6280D3E5D00AEC9DF /* MagnetReviewVC.swift */,
				FEEFA6902816D7B4000549DD /* MagnetReviewViewModel.swift */,
				FEDF4A09281A2A6A00CA7FD7 /* MagnetReviewModel.swift */,
				FEDA8611281C19640091EFC7 /* MagnetReviewHttpManager.swift */,
				FEEFA6922816D8C8000549DD /* Cell */,
				FEEFA6972816DFC8000549DD /* SectionModel */,
			);
			path = ReviewView;
			sourceTree = "<group>";
		};
		FE6A20D8280D3EC500AEC9DF /* MagnetBarView */ = {
			isa = PBXGroup;
			children = (
				FE49395B280583C30035820F /* MagnetBarView.swift */,
				FE5231FF2807CE4F00200F02 /* MagnetBarViewModel.swift */,
				FE4D91142811696E001B6B1B /* MagnetBarHttpModel.swift */,
				FE5231F92807CBBE00200F02 /* SubComponent */,
			);
			path = MagnetBarView;
			sourceTree = "<group>";
		};
		FE7077C32807028E006F7980 /* MagnetBarView */ = {
			isa = PBXGroup;
			children = (
				FE300BEC28090BE400952AA8 /* Extension */,
				FE5231FE2807CE4000200F02 /* Present */,
			);
			path = MagnetBarView;
			sourceTree = "<group>";
		};
		FE7077C4280702A1006F7980 /* TestZone */ = {
			isa = PBXGroup;
			children = (
				FE7077C5280702AB006F7980 /* SimpleTableView.swift */,
				FE300BDC2808FC6000952AA8 /* TestVC.swift */,
				FE5231F72807AC4600200F02 /* PresentHelper.swift */,
				FE9884C82809AE1D00A0BD1A /* TestView.swift */,
				FE9DF4D6280E452800FC24CF /* TestCollectionVC.swift */,
				FEEFA69D2817A461000549DD /* CalculateTest.swift */,
			);
			path = TestZone;
			sourceTree = "<group>";
		};
		FE76FB8E280D59E1008BAA17 /* DeliveryOrTakeoutInfoView */ = {
			isa = PBXGroup;
			children = (
				FE300BEA28090A2400952AA8 /* DeliveryInfoView.swift */,
				FE300BEF280911DE00952AA8 /* TakeoutInfoView.swift */,
			);
			path = DeliveryOrTakeoutInfoView;
			sourceTree = "<group>";
		};
		FE76FB94280D609C008BAA17 /* MenuCell */ = {
			isa = PBXGroup;
			children = (
				FE7077BC2806FB73006F7980 /* MagnetMenuCell.swift */,
				FE6A20D1280D304100AEC9DF /* MagnetMenuHeaderCell.swift */,
			);
			path = MenuCell;
			sourceTree = "<group>";
		};
		FE9884C428099D3400A0BD1A /* ReviewSummaryCollectionView */ = {
			isa = PBXGroup;
			children = (
				FE300BF12809147300952AA8 /* MagnetSummaryReviewView.swift */,
				FE9884C02809679600A0BD1A /* MagnetSummaryReviewViewModel.swift */,
				FE76FB91280D5F59008BAA17 /* MagnetSummaryReviewModel.swift */,
				FE9884C72809A38E00A0BD1A /* Cells */,
				FEE927812818F1F80027631E /* Entitiy */,
			);
			path = ReviewSummaryCollectionView;
			sourceTree = "<group>";
		};
		FE9884C72809A38E00A0BD1A /* Cells */ = {
			isa = PBXGroup;
			children = (
				FE9884C22809695000A0BD1A /* MagnetInfoReviewCell.swift */,
				FE9884C528099D6200A0BD1A /* MagnetInfoMoreButtonCell.swift */,
			);
			path = Cells;
			sourceTree = "<group>";
		};
		FE9DF4DA280E5E3100FC24CF /* RemoteMainListBar */ = {
			isa = PBXGroup;
			children = (
				FE9DF4DB280E5E9000FC24CF /* RemoteMainListBar.swift */,
				FE9DF4DD280E5F1B00FC24CF /* RemoteMainListBarViewModel.swift */,
				FEEFA69C2817825E000549DD /* Cell */,
			);
			path = RemoteMainListBar;
			sourceTree = "<group>";
		};
		FEE927812818F1F80027631E /* Entitiy */ = {
			isa = PBXGroup;
			children = (
				FEE927822818F2100027631E /* SummaryReviewData.swift */,
			);
			path = Entitiy;
			sourceTree = "<group>";
		};
		FEEFA6922816D8C8000549DD /* Cell */ = {
			isa = PBXGroup;
			children = (
				FE6AFB5D2818395100E421E5 /* MagnetReviewTotalRatingCell.swift */,
				FEEFA69A2816E32B000549DD /* MagnetReviewHeaderCell.swift */,
				FE3F5F32281ABC1E00838AEC /* MagnetReviewHeaderCellViewModel.swift */,
				FE6AFB562817E2CE00E421E5 /* MagnetReviewCell.xib */,
				FE6AFB552817E2CE00E421E5 /* MagnetReviewCell.swift */,
			);
			path = Cell;
			sourceTree = "<group>";
		};
		FEEFA6972816DFC8000549DD /* SectionModel */ = {
			isa = PBXGroup;
			children = (
				FEEFA6982816DFF5000549DD /* MagnetReviewSection.swift */,
			);
			path = SectionModel;
			sourceTree = "<group>";
		};
		FEEFA69C2817825E000549DD /* Cell */ = {
			isa = PBXGroup;
			children = (
				FE9DF4DF280E5F5100FC24CF /* RemoteMainListBarCell.swift */,
			);
			path = Cell;
			sourceTree = "<group>";
		};
/* End PBXGroup section */

/* Begin PBXNativeTarget section */
		FE493937280564EB0035820F /* MagnetBarView */ = {
			isa = PBXNativeTarget;
			buildConfigurationList = FE49394C280564EC0035820F /* Build configuration list for PBXNativeTarget "MagnetBarView" */;
			buildPhases = (
				FE493934280564EB0035820F /* Sources */,
				FE493935280564EB0035820F /* Frameworks */,
				FE493936280564EB0035820F /* Resources */,
			);
			buildRules = (
			);
			dependencies = (
			);
			name = MagnetBarView;
			packageProductDependencies = (
				FE493950280565370035820F /* RxCocoa */,
				FE493952280565370035820F /* RxRelay */,
				FE493954280565370035820F /* RxSwift */,
				FE4939572805654D0035820F /* SnapKit */,
				FE49395E280585610035820F /* RxDataSources */,
				FE7077C12806FF99006F7980 /* Reusable */,
				FE300BD52808F9F500952AA8 /* RxGesture */,
			);
			productName = MagnetBarView;
			productReference = FE493938280564EB0035820F /* MagnetBarView.app */;
			productType = "com.apple.product-type.application";
		};
/* End PBXNativeTarget section */

/* Begin PBXProject section */
		FE493930280564EB0035820F /* Project object */ = {
			isa = PBXProject;
			attributes = {
				BuildIndependentTargetsInParallel = 1;
				LastSwiftUpdateCheck = 1330;
				LastUpgradeCheck = 1330;
				TargetAttributes = {
					FE493937280564EB0035820F = {
						CreatedOnToolsVersion = 13.3;
					};
				};
			};
			buildConfigurationList = FE493933280564EB0035820F /* Build configuration list for PBXProject "MagnetBarView" */;
			compatibilityVersion = "Xcode 13.0";
			developmentRegion = en;
			hasScannedForEncodings = 0;
			knownRegions = (
				en,
				Base,
			);
			mainGroup = FE49392F280564EB0035820F;
			packageReferences = (
				FE49394F280565370035820F /* XCRemoteSwiftPackageReference "RxSwift" */,
				FE4939562805654D0035820F /* XCRemoteSwiftPackageReference "SnapKit" */,
				FE49395D280585610035820F /* XCRemoteSwiftPackageReference "RxDataSources" */,
				FE7077C02806FF99006F7980 /* XCRemoteSwiftPackageReference "Reusable" */,
				FE300BD42808F9F500952AA8 /* XCRemoteSwiftPackageReference "RxGesture" */,
			);
			productRefGroup = FE493939280564EB0035820F /* Products */;
			projectDirPath = "";
			projectRoot = "";
			targets = (
				FE493937280564EB0035820F /* MagnetBarView */,
			);
		};
/* End PBXProject section */

/* Begin PBXResourcesBuildPhase section */
		FE493936280564EB0035820F /* Resources */ = {
			isa = PBXResourcesBuildPhase;
			buildActionMask = 2147483647;
			files = (
				FE6AFB582817E2CE00E421E5 /* MagnetReviewCell.xib in Resources */,
				FE493948280564EC0035820F /* LaunchScreen.storyboard in Resources */,
				FE493945280564EC0035820F /* Assets.xcassets in Resources */,
			);
			runOnlyForDeploymentPostprocessing = 0;
		};
/* End PBXResourcesBuildPhase section */

/* Begin PBXSourcesBuildPhase section */
		FE493934280564EB0035820F /* Sources */ = {
			isa = PBXSourcesBuildPhase;
			buildActionMask = 2147483647;
			files = (
				FE300BDD2808FC6000952AA8 /* TestVC.swift in Sources */,
				FE5231FB2807CBD900200F02 /* MagnetHeaderView.swift in Sources */,
				FE6A20D7280D3E5D00AEC9DF /* MagnetReviewVC.swift in Sources */,
				FE1A73F4280817DD006C24C3 /* TotalBannerListView.swift in Sources */,
				FE300BCC2808EFAE00952AA8 /* MagnetListView.swift in Sources */,
				FE1A73F7280817DD006C24C3 /* BeminBannerListViewModel.swift in Sources */,
				FE1A73FC28081D71006C24C3 /* MagnetBannerCell.swift in Sources */,
				FE1A73F5280817DD006C24C3 /* TotalBannerListCell.swift in Sources */,
				FE300BDA2808FAF800952AA8 /* MagnetInfoButton.swift in Sources */,
				FEE927832818F2100027631E /* SummaryReviewData.swift in Sources */,
				FE300BEB28090A2400952AA8 /* DeliveryInfoView.swift in Sources */,
				FE9884C12809679600A0BD1A /* MagnetSummaryReviewViewModel.swift in Sources */,
				FE300BE3280908A300952AA8 /* MagnetInfoView.swift in Sources */,
				FE9DF4DE280E5F1B00FC24CF /* RemoteMainListBarViewModel.swift in Sources */,
				FE1A73F9280817DD006C24C3 /* BeminBannerListView.swift in Sources */,
				FE9DF4E0280E5F5100FC24CF /* RemoteMainListBarCell.swift in Sources */,
				FE7077BF2806FF02006F7980 /* MagnetSection.swift in Sources */,
				FEEFA6992816DFF5000549DD /* MagnetReviewSection.swift in Sources */,
				FE4D91152811696E001B6B1B /* MagnetBarHttpModel.swift in Sources */,
				FEEFA69E2817A461000549DD /* CalculateTest.swift in Sources */,
				FEEFA69B2816E32B000549DD /* MagnetReviewHeaderCell.swift in Sources */,
				FE493940280564EB0035820F /* ViewController.swift in Sources */,
				FE03E4C02811529B000A04D4 /* RxHttpClient.swift in Sources */,
				FE9DF4E2280E75FB00FC24CF /* MagnetListSectionManager.swift in Sources */,
				FE76FB92280D5F59008BAA17 /* MagnetSummaryReviewModel.swift in Sources */,
				FE300BF0280911DE00952AA8 /* TakeoutInfoView.swift in Sources */,
				FE300BD32808F90100952AA8 /* MagnetInfoNavBar.swift in Sources */,
				FE7077BD2806FB73006F7980 /* MagnetMenuCell.swift in Sources */,
				FE9DF4D9280E504D00FC24CF /* MagnetStickyCell.swift in Sources */,
				FE1A73F2280817DD006C24C3 /* BeminBannerButtonViewModel.swift in Sources */,
				FE1A73FA280817DD006C24C3 /* BannerSources.swift in Sources */,
				FE5232002807CE4F00200F02 /* MagnetBarViewModel.swift in Sources */,
				FE300BEE28090BF700952AA8 /* Int+extension.swift in Sources */,
				FE300BDF2809025E00952AA8 /* MagnetInfoNavBarViewModel.swift in Sources */,
				FE9DF4D7280E452800FC24CF /* TestCollectionVC.swift in Sources */,
				FE5232022807D48500200F02 /* MagnetNavigationBar.swift in Sources */,
				FEEFA6912816D7B4000549DD /* MagnetReviewViewModel.swift in Sources */,
				FEDA8612281C19640091EFC7 /* MagnetReviewHttpManager.swift in Sources */,
				FE9884C32809695000A0BD1A /* MagnetInfoReviewCell.swift in Sources */,
				FE9884C92809AE1D00A0BD1A /* TestView.swift in Sources */,
				FE49395C280583C30035820F /* MagnetBarView.swift in Sources */,
				FE5231FD2807CE1100200F02 /* MagnetHeaderViewModel.swift in Sources */,
				FE300BF22809147300952AA8 /* MagnetSummaryReviewView.swift in Sources */,
				FE6A20D4280D3AF200AEC9DF /* MagnetBannerCellViewModel.swift in Sources */,
				FE300BE8280909B800952AA8 /* MagnetInfoType.swift in Sources */,
				FE5231F82807AC4600200F02 /* PresentHelper.swift in Sources */,
				FE3F5F33281ABC1E00838AEC /* MagnetReviewHeaderCellViewModel.swift in Sources */,
				FE49393C280564EB0035820F /* AppDelegate.swift in Sources */,
				FE9DF4DC280E5E9000FC24CF /* RemoteMainListBar.swift in Sources */,
				FE6A20D2280D304100AEC9DF /* MagnetMenuHeaderCell.swift in Sources */,
				FE9884C628099D6200A0BD1A /* MagnetInfoMoreButtonCell.swift in Sources */,
				FE5232042807D4CB00200F02 /* MagnetNavigationBarViewModel.swift in Sources */,
				FE7077C6280702AB006F7980 /* SimpleTableView.swift in Sources */,
				FE300BE5280908C400952AA8 /* MagnetInfoViewModel.swift in Sources */,
				FE1A73F8280817DD006C24C3 /* BeminBannerCell.swift in Sources */,
				FE1A73F6280817DD006C24C3 /* TotalBannerListViewModel.swift in Sources */,
				FE1A73F3280817DD006C24C3 /* BeminBannerButton.swift in Sources */,
				FE1A73F1280817DD006C24C3 /* BeminBannerView.swift in Sources */,
				FE300BCE2808EFBA00952AA8 /* MagnetListViewModel.swift in Sources */,
				FE03E4C2281152C2000A04D4 /* DeliveryHttpManager.swift in Sources */,
				FE6AFB572817E2CE00E421E5 /* MagnetReviewCell.swift in Sources */,
				FE49395A28057F9E0035820F /* CustomTitleView.swift in Sources */,
				FE300BD12808F7F700952AA8 /* MagnetInfoCell.swift in Sources */,
				FE1A73F0280817DD006C24C3 /* BeminBannerViewModel.swift in Sources */,
				FE49393E280564EB0035820F /* SceneDelegate.swift in Sources */,
				FEDF4A0A281A2A6A00CA7FD7 /* MagnetReviewModel.swift in Sources */,
				FE6AFB5E2818395100E421E5 /* MagnetReviewTotalRatingCell.swift in Sources */,
			);
			runOnlyForDeploymentPostprocessing = 0;
		};
/* End PBXSourcesBuildPhase section */

/* Begin PBXVariantGroup section */
		FE493946280564EC0035820F /* LaunchScreen.storyboard */ = {
			isa = PBXVariantGroup;
			children = (
				FE493947280564EC0035820F /* Base */,
			);
			name = LaunchScreen.storyboard;
			sourceTree = "<group>";
		};
/* End PBXVariantGroup section */

/* Begin XCBuildConfiguration section */
		FE49394A280564EC0035820F /* Debug */ = {
			isa = XCBuildConfiguration;
			buildSettings = {
				ALWAYS_SEARCH_USER_PATHS = NO;
				CLANG_ANALYZER_NONNULL = YES;
				CLANG_ANALYZER_NUMBER_OBJECT_CONVERSION = YES_AGGRESSIVE;
				CLANG_CXX_LANGUAGE_STANDARD = "gnu++17";
				CLANG_ENABLE_MODULES = YES;
				CLANG_ENABLE_OBJC_ARC = YES;
				CLANG_ENABLE_OBJC_WEAK = YES;
				CLANG_WARN_BLOCK_CAPTURE_AUTORELEASING = YES;
				CLANG_WARN_BOOL_CONVERSION = YES;
				CLANG_WARN_COMMA = YES;
				CLANG_WARN_CONSTANT_CONVERSION = YES;
				CLANG_WARN_DEPRECATED_OBJC_IMPLEMENTATIONS = YES;
				CLANG_WARN_DIRECT_OBJC_ISA_USAGE = YES_ERROR;
				CLANG_WARN_DOCUMENTATION_COMMENTS = YES;
				CLANG_WARN_EMPTY_BODY = YES;
				CLANG_WARN_ENUM_CONVERSION = YES;
				CLANG_WARN_INFINITE_RECURSION = YES;
				CLANG_WARN_INT_CONVERSION = YES;
				CLANG_WARN_NON_LITERAL_NULL_CONVERSION = YES;
				CLANG_WARN_OBJC_IMPLICIT_RETAIN_SELF = YES;
				CLANG_WARN_OBJC_LITERAL_CONVERSION = YES;
				CLANG_WARN_OBJC_ROOT_CLASS = YES_ERROR;
				CLANG_WARN_QUOTED_INCLUDE_IN_FRAMEWORK_HEADER = YES;
				CLANG_WARN_RANGE_LOOP_ANALYSIS = YES;
				CLANG_WARN_STRICT_PROTOTYPES = YES;
				CLANG_WARN_SUSPICIOUS_MOVE = YES;
				CLANG_WARN_UNGUARDED_AVAILABILITY = YES_AGGRESSIVE;
				CLANG_WARN_UNREACHABLE_CODE = YES;
				CLANG_WARN__DUPLICATE_METHOD_MATCH = YES;
				COPY_PHASE_STRIP = NO;
				DEBUG_INFORMATION_FORMAT = dwarf;
				ENABLE_STRICT_OBJC_MSGSEND = YES;
				ENABLE_TESTABILITY = YES;
				GCC_C_LANGUAGE_STANDARD = gnu11;
				GCC_DYNAMIC_NO_PIC = NO;
				GCC_NO_COMMON_BLOCKS = YES;
				GCC_OPTIMIZATION_LEVEL = 0;
				GCC_PREPROCESSOR_DEFINITIONS = (
					"DEBUG=1",
					"$(inherited)",
				);
				GCC_WARN_64_TO_32_BIT_CONVERSION = YES;
				GCC_WARN_ABOUT_RETURN_TYPE = YES_ERROR;
				GCC_WARN_UNDECLARED_SELECTOR = YES;
				GCC_WARN_UNINITIALIZED_AUTOS = YES_AGGRESSIVE;
				GCC_WARN_UNUSED_FUNCTION = YES;
				GCC_WARN_UNUSED_VARIABLE = YES;
				IPHONEOS_DEPLOYMENT_TARGET = 15.4;
				MTL_ENABLE_DEBUG_INFO = INCLUDE_SOURCE;
				MTL_FAST_MATH = YES;
				ONLY_ACTIVE_ARCH = YES;
				SDKROOT = iphoneos;
				SWIFT_ACTIVE_COMPILATION_CONDITIONS = DEBUG;
				SWIFT_OPTIMIZATION_LEVEL = "-Onone";
			};
			name = Debug;
		};
		FE49394B280564EC0035820F /* Release */ = {
			isa = XCBuildConfiguration;
			buildSettings = {
				ALWAYS_SEARCH_USER_PATHS = NO;
				CLANG_ANALYZER_NONNULL = YES;
				CLANG_ANALYZER_NUMBER_OBJECT_CONVERSION = YES_AGGRESSIVE;
				CLANG_CXX_LANGUAGE_STANDARD = "gnu++17";
				CLANG_ENABLE_MODULES = YES;
				CLANG_ENABLE_OBJC_ARC = YES;
				CLANG_ENABLE_OBJC_WEAK = YES;
				CLANG_WARN_BLOCK_CAPTURE_AUTORELEASING = YES;
				CLANG_WARN_BOOL_CONVERSION = YES;
				CLANG_WARN_COMMA = YES;
				CLANG_WARN_CONSTANT_CONVERSION = YES;
				CLANG_WARN_DEPRECATED_OBJC_IMPLEMENTATIONS = YES;
				CLANG_WARN_DIRECT_OBJC_ISA_USAGE = YES_ERROR;
				CLANG_WARN_DOCUMENTATION_COMMENTS = YES;
				CLANG_WARN_EMPTY_BODY = YES;
				CLANG_WARN_ENUM_CONVERSION = YES;
				CLANG_WARN_INFINITE_RECURSION = YES;
				CLANG_WARN_INT_CONVERSION = YES;
				CLANG_WARN_NON_LITERAL_NULL_CONVERSION = YES;
				CLANG_WARN_OBJC_IMPLICIT_RETAIN_SELF = YES;
				CLANG_WARN_OBJC_LITERAL_CONVERSION = YES;
				CLANG_WARN_OBJC_ROOT_CLASS = YES_ERROR;
				CLANG_WARN_QUOTED_INCLUDE_IN_FRAMEWORK_HEADER = YES;
				CLANG_WARN_RANGE_LOOP_ANALYSIS = YES;
				CLANG_WARN_STRICT_PROTOTYPES = YES;
				CLANG_WARN_SUSPICIOUS_MOVE = YES;
				CLANG_WARN_UNGUARDED_AVAILABILITY = YES_AGGRESSIVE;
				CLANG_WARN_UNREACHABLE_CODE = YES;
				CLANG_WARN__DUPLICATE_METHOD_MATCH = YES;
				COPY_PHASE_STRIP = NO;
				DEBUG_INFORMATION_FORMAT = "dwarf-with-dsym";
				ENABLE_NS_ASSERTIONS = NO;
				ENABLE_STRICT_OBJC_MSGSEND = YES;
				GCC_C_LANGUAGE_STANDARD = gnu11;
				GCC_NO_COMMON_BLOCKS = YES;
				GCC_WARN_64_TO_32_BIT_CONVERSION = YES;
				GCC_WARN_ABOUT_RETURN_TYPE = YES_ERROR;
				GCC_WARN_UNDECLARED_SELECTOR = YES;
				GCC_WARN_UNINITIALIZED_AUTOS = YES_AGGRESSIVE;
				GCC_WARN_UNUSED_FUNCTION = YES;
				GCC_WARN_UNUSED_VARIABLE = YES;
				IPHONEOS_DEPLOYMENT_TARGET = 15.4;
				MTL_ENABLE_DEBUG_INFO = NO;
				MTL_FAST_MATH = YES;
				SDKROOT = iphoneos;
				SWIFT_COMPILATION_MODE = wholemodule;
				SWIFT_OPTIMIZATION_LEVEL = "-O";
				VALIDATE_PRODUCT = YES;
			};
			name = Release;
		};
		FE49394D280564EC0035820F /* Debug */ = {
			isa = XCBuildConfiguration;
			buildSettings = {
				ASSETCATALOG_COMPILER_APPICON_NAME = AppIcon;
				ASSETCATALOG_COMPILER_GLOBAL_ACCENT_COLOR_NAME = AccentColor;
				CODE_SIGN_STYLE = Automatic;
				CURRENT_PROJECT_VERSION = 1;
				DEVELOPMENT_TEAM = CNGL9PR533;
				GENERATE_INFOPLIST_FILE = YES;
				INFOPLIST_FILE = MagnetBarView/Info.plist;
				INFOPLIST_KEY_UIApplicationSupportsIndirectInputEvents = YES;
				INFOPLIST_KEY_UILaunchStoryboardName = LaunchScreen;
				INFOPLIST_KEY_UIRequiresFullScreen = NO;
				INFOPLIST_KEY_UIStatusBarHidden = NO;
				INFOPLIST_KEY_UISupportedInterfaceOrientations = "";
				INFOPLIST_KEY_UISupportedInterfaceOrientations_iPad = "UIInterfaceOrientationPortrait UIInterfaceOrientationPortraitUpsideDown UIInterfaceOrientationLandscapeLeft UIInterfaceOrientationLandscapeRight";
				INFOPLIST_KEY_UISupportedInterfaceOrientations_iPhone = "UIInterfaceOrientationPortrait UIInterfaceOrientationLandscapeLeft UIInterfaceOrientationLandscapeRight";
				LD_RUNPATH_SEARCH_PATHS = (
					"$(inherited)",
					"@executable_path/Frameworks",
				);
				MARKETING_VERSION = 1.0;
				PRODUCT_BUNDLE_IDENTIFIER = com.kirkim.MagnetBarView;
				PRODUCT_NAME = "$(TARGET_NAME)";
				SWIFT_EMIT_LOC_STRINGS = YES;
				SWIFT_VERSION = 5.0;
				TARGETED_DEVICE_FAMILY = "1,2";
			};
			name = Debug;
		};
		FE49394E280564EC0035820F /* Release */ = {
			isa = XCBuildConfiguration;
			buildSettings = {
				ASSETCATALOG_COMPILER_APPICON_NAME = AppIcon;
				ASSETCATALOG_COMPILER_GLOBAL_ACCENT_COLOR_NAME = AccentColor;
				CODE_SIGN_STYLE = Automatic;
				CURRENT_PROJECT_VERSION = 1;
				DEVELOPMENT_TEAM = CNGL9PR533;
				GENERATE_INFOPLIST_FILE = YES;
				INFOPLIST_FILE = MagnetBarView/Info.plist;
				INFOPLIST_KEY_UIApplicationSupportsIndirectInputEvents = YES;
				INFOPLIST_KEY_UILaunchStoryboardName = LaunchScreen;
				INFOPLIST_KEY_UIRequiresFullScreen = NO;
				INFOPLIST_KEY_UIStatusBarHidden = NO;
				INFOPLIST_KEY_UISupportedInterfaceOrientations = "";
				INFOPLIST_KEY_UISupportedInterfaceOrientations_iPad = "UIInterfaceOrientationPortrait UIInterfaceOrientationPortraitUpsideDown UIInterfaceOrientationLandscapeLeft UIInterfaceOrientationLandscapeRight";
				INFOPLIST_KEY_UISupportedInterfaceOrientations_iPhone = "UIInterfaceOrientationPortrait UIInterfaceOrientationLandscapeLeft UIInterfaceOrientationLandscapeRight";
				LD_RUNPATH_SEARCH_PATHS = (
					"$(inherited)",
					"@executable_path/Frameworks",
				);
				MARKETING_VERSION = 1.0;
				PRODUCT_BUNDLE_IDENTIFIER = com.kirkim.MagnetBarView;
				PRODUCT_NAME = "$(TARGET_NAME)";
				SWIFT_EMIT_LOC_STRINGS = YES;
				SWIFT_VERSION = 5.0;
				TARGETED_DEVICE_FAMILY = "1,2";
			};
			name = Release;
		};
/* End XCBuildConfiguration section */

/* Begin XCConfigurationList section */
		FE493933280564EB0035820F /* Build configuration list for PBXProject "MagnetBarView" */ = {
			isa = XCConfigurationList;
			buildConfigurations = (
				FE49394A280564EC0035820F /* Debug */,
				FE49394B280564EC0035820F /* Release */,
			);
			defaultConfigurationIsVisible = 0;
			defaultConfigurationName = Release;
		};
		FE49394C280564EC0035820F /* Build configuration list for PBXNativeTarget "MagnetBarView" */ = {
			isa = XCConfigurationList;
			buildConfigurations = (
				FE49394D280564EC0035820F /* Debug */,
				FE49394E280564EC0035820F /* Release */,
			);
			defaultConfigurationIsVisible = 0;
			defaultConfigurationName = Release;
		};
/* End XCConfigurationList section */

/* Begin XCRemoteSwiftPackageReference section */
		FE300BD42808F9F500952AA8 /* XCRemoteSwiftPackageReference "RxGesture" */ = {
			isa = XCRemoteSwiftPackageReference;
			repositoryURL = "https://github.com/RxSwiftCommunity/RxGesture";
			requirement = {
				branch = main;
				kind = branch;
			};
		};
		FE49394F280565370035820F /* XCRemoteSwiftPackageReference "RxSwift" */ = {
			isa = XCRemoteSwiftPackageReference;
			repositoryURL = "https://github.com/ReactiveX/RxSwift";
			requirement = {
				branch = main;
				kind = branch;
			};
		};
		FE4939562805654D0035820F /* XCRemoteSwiftPackageReference "SnapKit" */ = {
			isa = XCRemoteSwiftPackageReference;
			repositoryURL = "https://github.com/SnapKit/SnapKit";
			requirement = {
				branch = develop;
				kind = branch;
			};
		};
		FE49395D280585610035820F /* XCRemoteSwiftPackageReference "RxDataSources" */ = {
			isa = XCRemoteSwiftPackageReference;
			repositoryURL = "https://github.com/RxSwiftCommunity/RxDataSources";
			requirement = {
				branch = main;
				kind = branch;
			};
		};
		FE7077C02806FF99006F7980 /* XCRemoteSwiftPackageReference "Reusable" */ = {
			isa = XCRemoteSwiftPackageReference;
			repositoryURL = "https://github.com/AliSoftware/Reusable";
			requirement = {
				kind = upToNextMajorVersion;
				minimumVersion = 4.0.0;
			};
		};
/* End XCRemoteSwiftPackageReference section */

/* Begin XCSwiftPackageProductDependency section */
		FE300BD52808F9F500952AA8 /* RxGesture */ = {
			isa = XCSwiftPackageProductDependency;
			package = FE300BD42808F9F500952AA8 /* XCRemoteSwiftPackageReference "RxGesture" */;
			productName = RxGesture;
		};
		FE493950280565370035820F /* RxCocoa */ = {
			isa = XCSwiftPackageProductDependency;
			package = FE49394F280565370035820F /* XCRemoteSwiftPackageReference "RxSwift" */;
			productName = RxCocoa;
		};
		FE493952280565370035820F /* RxRelay */ = {
			isa = XCSwiftPackageProductDependency;
			package = FE49394F280565370035820F /* XCRemoteSwiftPackageReference "RxSwift" */;
			productName = RxRelay;
		};
		FE493954280565370035820F /* RxSwift */ = {
			isa = XCSwiftPackageProductDependency;
			package = FE49394F280565370035820F /* XCRemoteSwiftPackageReference "RxSwift" */;
			productName = RxSwift;
		};
		FE4939572805654D0035820F /* SnapKit */ = {
			isa = XCSwiftPackageProductDependency;
			package = FE4939562805654D0035820F /* XCRemoteSwiftPackageReference "SnapKit" */;
			productName = SnapKit;
		};
		FE49395E280585610035820F /* RxDataSources */ = {
			isa = XCSwiftPackageProductDependency;
			package = FE49395D280585610035820F /* XCRemoteSwiftPackageReference "RxDataSources" */;
			productName = RxDataSources;
		};
		FE7077C12806FF99006F7980 /* Reusable */ = {
			isa = XCSwiftPackageProductDependency;
			package = FE7077C02806FF99006F7980 /* XCRemoteSwiftPackageReference "Reusable" */;
			productName = Reusable;
		};
/* End XCSwiftPackageProductDependency section */
	};
	rootObject = FE493930280564EB0035820F /* Project object */;
}
